// !$*UTF8*$!
{
	archiveVersion = 1;
	classes = {
	};
	objectVersion = 51;
	objects = {

/* Begin PBXBuildFile section */
		2265137C28D8012000EC28EC /* Coordinator.swift in Sources */ = {isa = PBXBuildFile; fileRef = 2265137B28D8012000EC28EC /* Coordinator.swift */; };
		2265137E28D801C800EC28EC /* MainCoordinator.swift in Sources */ = {isa = PBXBuildFile; fileRef = 2265137D28D801C800EC28EC /* MainCoordinator.swift */; };
		229EDF10298703B2000A97E8 /* Scene.swift in Sources */ = {isa = PBXBuildFile; fileRef = 229EDF0F298703B2000A97E8 /* Scene.swift */; };
		229EDF1629870484000A97E8 /* Scene.FlagHunter.Start.View.swift in Sources */ = {isa = PBXBuildFile; fileRef = 229EDF1529870484000A97E8 /* Scene.FlagHunter.Start.View.swift */; };
		229EDF1829870490000A97E8 /* Scene.FlagHunter.Start.ViewController.swift in Sources */ = {isa = PBXBuildFile; fileRef = 229EDF1729870490000A97E8 /* Scene.FlagHunter.Start.ViewController.swift */; };
		229EDF1A2987049E000A97E8 /* Scene.FlagHunter.Start.ViewModel.swift in Sources */ = {isa = PBXBuildFile; fileRef = 229EDF192987049E000A97E8 /* Scene.FlagHunter.Start.ViewModel.swift */; };
		229EDF1C298704BF000A97E8 /* Scene.FlagHunter.Round.View.swift in Sources */ = {isa = PBXBuildFile; fileRef = 229EDF1B298704BF000A97E8 /* Scene.FlagHunter.Round.View.swift */; };
		229EDF1E298704CA000A97E8 /* Scene.FlagHunter.Round.ViewController.swift in Sources */ = {isa = PBXBuildFile; fileRef = 229EDF1D298704CA000A97E8 /* Scene.FlagHunter.Round.ViewController.swift */; };
		229EDF20298704DC000A97E8 /* Scene.FlagHunter.Round.ViewModel.swift in Sources */ = {isa = PBXBuildFile; fileRef = 229EDF1F298704DC000A97E8 /* Scene.FlagHunter.Round.ViewModel.swift */; };
		229EDF22298704EF000A97E8 /* Scene.FlagHunter.Result.View.swift in Sources */ = {isa = PBXBuildFile; fileRef = 229EDF21298704EF000A97E8 /* Scene.FlagHunter.Result.View.swift */; };
		229EDF2429870501000A97E8 /* Scene.FlagHunter.Result.ViewController.swift in Sources */ = {isa = PBXBuildFile; fileRef = 229EDF2329870501000A97E8 /* Scene.FlagHunter.Result.ViewController.swift */; };
		229EDF262987050B000A97E8 /* Scene.FlagHunter.Result.ViewModel.swift in Sources */ = {isa = PBXBuildFile; fileRef = 229EDF252987050B000A97E8 /* Scene.FlagHunter.Result.ViewModel.swift */; };
		229EDF282987051E000A97E8 /* Scene.FlagHunter.Score.View.swift in Sources */ = {isa = PBXBuildFile; fileRef = 229EDF272987051E000A97E8 /* Scene.FlagHunter.Score.View.swift */; };
		229EDF2A29870528000A97E8 /* Scene.FlagHunter.Score.ViewController.swift in Sources */ = {isa = PBXBuildFile; fileRef = 229EDF2929870528000A97E8 /* Scene.FlagHunter.Score.ViewController.swift */; };
		229EDF2C29870532000A97E8 /* Scene.FlagHunter.Score.ViewModel.swift in Sources */ = {isa = PBXBuildFile; fileRef = 229EDF2B29870532000A97E8 /* Scene.FlagHunter.Score.ViewModel.swift */; };
		229EDF2E29870542000A97E8 /* Scene.FlagHunter.Score.View.Cell.swift in Sources */ = {isa = PBXBuildFile; fileRef = 229EDF2D29870542000A97E8 /* Scene.FlagHunter.Score.View.Cell.swift */; };
		229EDF30298705A4000A97E8 /* Model.swift in Sources */ = {isa = PBXBuildFile; fileRef = 229EDF2F298705A4000A97E8 /* Model.swift */; };
		229EDF3329870803000A97E8 /* CodeView.swift in Sources */ = {isa = PBXBuildFile; fileRef = 229EDF3229870803000A97E8 /* CodeView.swift */; };
		4B67A1DB81C4716FA4D168A0 /* Pods_FlagHunter.framework in Frameworks */ = {isa = PBXBuildFile; fileRef = A1D9967FA82D4720971B97E1 /* Pods_FlagHunter.framework */; };
		99037205263789DF00B32A4C /* database.json in Resources */ = {isa = PBXBuildFile; fileRef = 99037204263789DF00B32A4C /* database.json */; };
		9903720E263790B400B32A4C /* Round.swift in Sources */ = {isa = PBXBuildFile; fileRef = 9903720D263790B400B32A4C /* Round.swift */; };
		9905C384269F1B3A008F82EE /* ScoreboardTableViewCell.swift in Sources */ = {isa = PBXBuildFile; fileRef = 9905C383269F1B3A008F82EE /* ScoreboardTableViewCell.swift */; };
		9905C386269F5B8D008F82EE /* UICustomShadow.swift in Sources */ = {isa = PBXBuildFile; fileRef = 9905C385269F5B8D008F82EE /* UICustomShadow.swift */; };
		9905C388269F7E3A008F82EE /* ScoreboardTitleTableViewCell.swift in Sources */ = {isa = PBXBuildFile; fileRef = 9905C387269F7E39008F82EE /* ScoreboardTitleTableViewCell.swift */; };
		990A878227286EFB00BE6A5B /* ResultBoardViewModel.swift in Sources */ = {isa = PBXBuildFile; fileRef = 990A878127286EFB00BE6A5B /* ResultBoardViewModel.swift */; };
		991C96D72688DA46007ABF3A /* ResultBoardViewController.swift in Sources */ = {isa = PBXBuildFile; fileRef = 991C96D62688DA46007ABF3A /* ResultBoardViewController.swift */; };
		99303A41273472DA00D0F765 /* UINavigationBar.swift in Sources */ = {isa = PBXBuildFile; fileRef = 99303A40273472DA00D0F765 /* UINavigationBar.swift */; };
		99313B3226B429DE00F082A2 /* UserDefaultsPersistence.swift in Sources */ = {isa = PBXBuildFile; fileRef = 99313B3126B429DE00F082A2 /* UserDefaultsPersistence.swift */; };
		9937511426ED07BA00EA16A6 /* UICustomTextField.swift in Sources */ = {isa = PBXBuildFile; fileRef = 9937511326ED07BA00EA16A6 /* UICustomTextField.swift */; };
		994D316F26937DD7003F65AF /* BlueBackgroundView.swift in Sources */ = {isa = PBXBuildFile; fileRef = 994D316E26937DD7003F65AF /* BlueBackgroundView.swift */; };
		994D31712693852F003F65AF /* Roboto-Bold.plist in Resources */ = {isa = PBXBuildFile; fileRef = 994D31702693852F003F65AF /* Roboto-Bold.plist */; };
		995F1DB626331ACC00E2BB98 /* Roboto-Medium.ttf in Resources */ = {isa = PBXBuildFile; fileRef = 995F1DA426331ACC00E2BB98 /* Roboto-Medium.ttf */; };
		995F1DB726331ACC00E2BB98 /* Roboto-Thin.ttf in Resources */ = {isa = PBXBuildFile; fileRef = 995F1DA526331ACC00E2BB98 /* Roboto-Thin.ttf */; };
		995F1DBE26331ACC00E2BB98 /* Roboto-Regular.ttf in Resources */ = {isa = PBXBuildFile; fileRef = 995F1DAC26331ACC00E2BB98 /* Roboto-Regular.ttf */; };
		995F1DC026331ACC00E2BB98 /* Roboto-Bold.ttf in Resources */ = {isa = PBXBuildFile; fileRef = 995F1DAE26331ACC00E2BB98 /* Roboto-Bold.ttf */; };
		995F1DC426331ACC00E2BB98 /* Roboto-Light.ttf in Resources */ = {isa = PBXBuildFile; fileRef = 995F1DB226331ACC00E2BB98 /* Roboto-Light.ttf */; };
		996523EE268BA21B008B76E1 /* UIScaledFonts.swift in Sources */ = {isa = PBXBuildFile; fileRef = 996523ED268BA21B008B76E1 /* UIScaledFonts.swift */; };
		9975135D269CD7690039C344 /* ScoreboardTableViewController.swift in Sources */ = {isa = PBXBuildFile; fileRef = 9975135C269CD7690039C344 /* ScoreboardTableViewController.swift */; };
		997BF5D0268805F7008F5E44 /* RoundViewController.swift in Sources */ = {isa = PBXBuildFile; fileRef = 997BF5CF268805F7008F5E44 /* RoundViewController.swift */; };
		99AE1A2426404F3D0048BE00 /* Scoreboard.swift in Sources */ = {isa = PBXBuildFile; fileRef = 99AE1A2326404F3D0048BE00 /* Scoreboard.swift */; };
		99B45084269BB7F500D24B4F /* Roboto-Light.plist in Resources */ = {isa = PBXBuildFile; fileRef = 99B45083269BB7F500D24B4F /* Roboto-Light.plist */; };
		99B45086269BB80200D24B4F /* Roboto-Medium.plist in Resources */ = {isa = PBXBuildFile; fileRef = 99B45085269BB80200D24B4F /* Roboto-Medium.plist */; };
		99B45088269BB81C00D24B4F /* Roboto-Regular.plist in Resources */ = {isa = PBXBuildFile; fileRef = 99B45087269BB81C00D24B4F /* Roboto-Regular.plist */; };
		99B4508A269BB82400D24B4F /* Roboto-Thin.plist in Resources */ = {isa = PBXBuildFile; fileRef = 99B45089269BB82400D24B4F /* Roboto-Thin.plist */; };
		99B4508D269BCBD200D24B4F /* YellowBackgroundView.swift in Sources */ = {isa = PBXBuildFile; fileRef = 99B4508C269BCBD200D24B4F /* YellowBackgroundView.swift */; };
		99B9DDC126F23C5100A38A56 /* FinalScoreValues.swift in Sources */ = {isa = PBXBuildFile; fileRef = 99B9DDC026F23C5100A38A56 /* FinalScoreValues.swift */; };
		99CCDDA8273368F8000D5A21 /* RoundViewModel.swift in Sources */ = {isa = PBXBuildFile; fileRef = 99CCDDA7273368F8000D5A21 /* RoundViewModel.swift */; };
		99D8E09D2649990D0021C987 /* UICustomColors.swift in Sources */ = {isa = PBXBuildFile; fileRef = 99D8E09C2649990D0021C987 /* UICustomColors.swift */; };
		99D8E0A226499D270021C987 /* UICustomButton.swift in Sources */ = {isa = PBXBuildFile; fileRef = 99D8E0A126499D270021C987 /* UICustomButton.swift */; };
		99EF9429263C40FE002E1A71 /* StartGameViewController.swift in Sources */ = {isa = PBXBuildFile; fileRef = 99EF9428263C40FE002E1A71 /* StartGameViewController.swift */; };
		99FA6E2B262DCA7E00E8FB9D /* AppDelegate.swift in Sources */ = {isa = PBXBuildFile; fileRef = 99FA6E2A262DCA7E00E8FB9D /* AppDelegate.swift */; };
		99FA6E2D262DCA7E00E8FB9D /* SceneDelegate.swift in Sources */ = {isa = PBXBuildFile; fileRef = 99FA6E2C262DCA7E00E8FB9D /* SceneDelegate.swift */; };
		99FA6E32262DCA7E00E8FB9D /* Main.storyboard in Resources */ = {isa = PBXBuildFile; fileRef = 99FA6E30262DCA7E00E8FB9D /* Main.storyboard */; };
		99FA6E34262DCA7F00E8FB9D /* Assets.xcassets in Resources */ = {isa = PBXBuildFile; fileRef = 99FA6E33262DCA7F00E8FB9D /* Assets.xcassets */; };
		99FA6E37262DCA7F00E8FB9D /* LaunchScreen.storyboard in Resources */ = {isa = PBXBuildFile; fileRef = 99FA6E35262DCA7F00E8FB9D /* LaunchScreen.storyboard */; };
		99FE557226D3EF4400B399F5 /* ScoreResultBackgroundView.swift in Sources */ = {isa = PBXBuildFile; fileRef = 99FE557126D3EF4400B399F5 /* ScoreResultBackgroundView.swift */; };
/* End PBXBuildFile section */

/* Begin PBXFileReference section */
		2265137B28D8012000EC28EC /* Coordinator.swift */ = {isa = PBXFileReference; lastKnownFileType = sourcecode.swift; path = Coordinator.swift; sourceTree = "<group>"; };
		2265137D28D801C800EC28EC /* MainCoordinator.swift */ = {isa = PBXFileReference; lastKnownFileType = sourcecode.swift; path = MainCoordinator.swift; sourceTree = "<group>"; };
		229EDF0F298703B2000A97E8 /* Scene.swift */ = {isa = PBXFileReference; lastKnownFileType = sourcecode.swift; path = Scene.swift; sourceTree = "<group>"; };
		229EDF1529870484000A97E8 /* Scene.FlagHunter.Start.View.swift */ = {isa = PBXFileReference; lastKnownFileType = sourcecode.swift; path = Scene.FlagHunter.Start.View.swift; sourceTree = "<group>"; };
		229EDF1729870490000A97E8 /* Scene.FlagHunter.Start.ViewController.swift */ = {isa = PBXFileReference; lastKnownFileType = sourcecode.swift; path = Scene.FlagHunter.Start.ViewController.swift; sourceTree = "<group>"; };
		229EDF192987049E000A97E8 /* Scene.FlagHunter.Start.ViewModel.swift */ = {isa = PBXFileReference; lastKnownFileType = sourcecode.swift; path = Scene.FlagHunter.Start.ViewModel.swift; sourceTree = "<group>"; };
		229EDF1B298704BF000A97E8 /* Scene.FlagHunter.Round.View.swift */ = {isa = PBXFileReference; lastKnownFileType = sourcecode.swift; path = Scene.FlagHunter.Round.View.swift; sourceTree = "<group>"; };
		229EDF1D298704CA000A97E8 /* Scene.FlagHunter.Round.ViewController.swift */ = {isa = PBXFileReference; lastKnownFileType = sourcecode.swift; path = Scene.FlagHunter.Round.ViewController.swift; sourceTree = "<group>"; };
		229EDF1F298704DC000A97E8 /* Scene.FlagHunter.Round.ViewModel.swift */ = {isa = PBXFileReference; lastKnownFileType = sourcecode.swift; path = Scene.FlagHunter.Round.ViewModel.swift; sourceTree = "<group>"; };
		229EDF21298704EF000A97E8 /* Scene.FlagHunter.Result.View.swift */ = {isa = PBXFileReference; lastKnownFileType = sourcecode.swift; path = Scene.FlagHunter.Result.View.swift; sourceTree = "<group>"; };
		229EDF2329870501000A97E8 /* Scene.FlagHunter.Result.ViewController.swift */ = {isa = PBXFileReference; lastKnownFileType = sourcecode.swift; path = Scene.FlagHunter.Result.ViewController.swift; sourceTree = "<group>"; };
		229EDF252987050B000A97E8 /* Scene.FlagHunter.Result.ViewModel.swift */ = {isa = PBXFileReference; lastKnownFileType = sourcecode.swift; path = Scene.FlagHunter.Result.ViewModel.swift; sourceTree = "<group>"; };
		229EDF272987051E000A97E8 /* Scene.FlagHunter.Score.View.swift */ = {isa = PBXFileReference; lastKnownFileType = sourcecode.swift; path = Scene.FlagHunter.Score.View.swift; sourceTree = "<group>"; };
		229EDF2929870528000A97E8 /* Scene.FlagHunter.Score.ViewController.swift */ = {isa = PBXFileReference; lastKnownFileType = sourcecode.swift; path = Scene.FlagHunter.Score.ViewController.swift; sourceTree = "<group>"; };
		229EDF2B29870532000A97E8 /* Scene.FlagHunter.Score.ViewModel.swift */ = {isa = PBXFileReference; lastKnownFileType = sourcecode.swift; path = Scene.FlagHunter.Score.ViewModel.swift; sourceTree = "<group>"; };
		229EDF2D29870542000A97E8 /* Scene.FlagHunter.Score.View.Cell.swift */ = {isa = PBXFileReference; lastKnownFileType = sourcecode.swift; path = Scene.FlagHunter.Score.View.Cell.swift; sourceTree = "<group>"; };
		229EDF2F298705A4000A97E8 /* Model.swift */ = {isa = PBXFileReference; lastKnownFileType = sourcecode.swift; path = Model.swift; sourceTree = "<group>"; };
		229EDF3229870803000A97E8 /* CodeView.swift */ = {isa = PBXFileReference; lastKnownFileType = sourcecode.swift; path = CodeView.swift; sourceTree = "<group>"; };
		99037204263789DF00B32A4C /* database.json */ = {isa = PBXFileReference; fileEncoding = 4; lastKnownFileType = text.json; path = database.json; sourceTree = "<group>"; };
		9903720D263790B400B32A4C /* Round.swift */ = {isa = PBXFileReference; lastKnownFileType = sourcecode.swift; path = Round.swift; sourceTree = "<group>"; };
		9905C383269F1B3A008F82EE /* ScoreboardTableViewCell.swift */ = {isa = PBXFileReference; lastKnownFileType = sourcecode.swift; path = ScoreboardTableViewCell.swift; sourceTree = "<group>"; };
		9905C385269F5B8D008F82EE /* UICustomShadow.swift */ = {isa = PBXFileReference; lastKnownFileType = sourcecode.swift; path = UICustomShadow.swift; sourceTree = "<group>"; };
		9905C387269F7E39008F82EE /* ScoreboardTitleTableViewCell.swift */ = {isa = PBXFileReference; lastKnownFileType = sourcecode.swift; path = ScoreboardTitleTableViewCell.swift; sourceTree = "<group>"; };
		990A878127286EFB00BE6A5B /* ResultBoardViewModel.swift */ = {isa = PBXFileReference; lastKnownFileType = sourcecode.swift; path = ResultBoardViewModel.swift; sourceTree = "<group>"; };
		991C96D62688DA46007ABF3A /* ResultBoardViewController.swift */ = {isa = PBXFileReference; lastKnownFileType = sourcecode.swift; path = ResultBoardViewController.swift; sourceTree = "<group>"; };
		99303A40273472DA00D0F765 /* UINavigationBar.swift */ = {isa = PBXFileReference; lastKnownFileType = sourcecode.swift; path = UINavigationBar.swift; sourceTree = "<group>"; };
		99313B3126B429DE00F082A2 /* UserDefaultsPersistence.swift */ = {isa = PBXFileReference; lastKnownFileType = sourcecode.swift; path = UserDefaultsPersistence.swift; sourceTree = "<group>"; };
		9937511326ED07BA00EA16A6 /* UICustomTextField.swift */ = {isa = PBXFileReference; lastKnownFileType = sourcecode.swift; path = UICustomTextField.swift; sourceTree = "<group>"; };
		994D316E26937DD7003F65AF /* BlueBackgroundView.swift */ = {isa = PBXFileReference; lastKnownFileType = sourcecode.swift; path = BlueBackgroundView.swift; sourceTree = "<group>"; };
		994D31702693852F003F65AF /* Roboto-Bold.plist */ = {isa = PBXFileReference; fileEncoding = 4; lastKnownFileType = text.plist.xml; path = "Roboto-Bold.plist"; sourceTree = "<group>"; };
		995F1DA426331ACC00E2BB98 /* Roboto-Medium.ttf */ = {isa = PBXFileReference; lastKnownFileType = file; path = "Roboto-Medium.ttf"; sourceTree = "<group>"; };
		995F1DA526331ACC00E2BB98 /* Roboto-Thin.ttf */ = {isa = PBXFileReference; lastKnownFileType = file; path = "Roboto-Thin.ttf"; sourceTree = "<group>"; };
		995F1DAC26331ACC00E2BB98 /* Roboto-Regular.ttf */ = {isa = PBXFileReference; lastKnownFileType = file; path = "Roboto-Regular.ttf"; sourceTree = "<group>"; };
		995F1DAE26331ACC00E2BB98 /* Roboto-Bold.ttf */ = {isa = PBXFileReference; lastKnownFileType = file; path = "Roboto-Bold.ttf"; sourceTree = "<group>"; };
		995F1DB226331ACC00E2BB98 /* Roboto-Light.ttf */ = {isa = PBXFileReference; lastKnownFileType = file; path = "Roboto-Light.ttf"; sourceTree = "<group>"; };
		996523ED268BA21B008B76E1 /* UIScaledFonts.swift */ = {isa = PBXFileReference; lastKnownFileType = sourcecode.swift; path = UIScaledFonts.swift; sourceTree = "<group>"; };
		9975135C269CD7690039C344 /* ScoreboardTableViewController.swift */ = {isa = PBXFileReference; lastKnownFileType = sourcecode.swift; path = ScoreboardTableViewController.swift; sourceTree = "<group>"; };
		997BF5CF268805F7008F5E44 /* RoundViewController.swift */ = {isa = PBXFileReference; lastKnownFileType = sourcecode.swift; path = RoundViewController.swift; sourceTree = "<group>"; };
		99AE1A2326404F3D0048BE00 /* Scoreboard.swift */ = {isa = PBXFileReference; lastKnownFileType = sourcecode.swift; path = Scoreboard.swift; sourceTree = "<group>"; };
		99B45083269BB7F500D24B4F /* Roboto-Light.plist */ = {isa = PBXFileReference; fileEncoding = 4; lastKnownFileType = text.plist.xml; path = "Roboto-Light.plist"; sourceTree = "<group>"; };
		99B45085269BB80200D24B4F /* Roboto-Medium.plist */ = {isa = PBXFileReference; fileEncoding = 4; lastKnownFileType = text.plist.xml; path = "Roboto-Medium.plist"; sourceTree = "<group>"; };
		99B45087269BB81C00D24B4F /* Roboto-Regular.plist */ = {isa = PBXFileReference; fileEncoding = 4; lastKnownFileType = text.plist.xml; path = "Roboto-Regular.plist"; sourceTree = "<group>"; };
		99B45089269BB82400D24B4F /* Roboto-Thin.plist */ = {isa = PBXFileReference; fileEncoding = 4; lastKnownFileType = text.plist.xml; path = "Roboto-Thin.plist"; sourceTree = "<group>"; };
		99B4508C269BCBD200D24B4F /* YellowBackgroundView.swift */ = {isa = PBXFileReference; lastKnownFileType = sourcecode.swift; path = YellowBackgroundView.swift; sourceTree = "<group>"; };
		99B9DDC026F23C5100A38A56 /* FinalScoreValues.swift */ = {isa = PBXFileReference; lastKnownFileType = sourcecode.swift; path = FinalScoreValues.swift; sourceTree = "<group>"; };
		99CCDDA7273368F8000D5A21 /* RoundViewModel.swift */ = {isa = PBXFileReference; lastKnownFileType = sourcecode.swift; path = RoundViewModel.swift; sourceTree = "<group>"; };
		99D8E09C2649990D0021C987 /* UICustomColors.swift */ = {isa = PBXFileReference; lastKnownFileType = sourcecode.swift; path = UICustomColors.swift; sourceTree = "<group>"; };
		99D8E0A126499D270021C987 /* UICustomButton.swift */ = {isa = PBXFileReference; lastKnownFileType = sourcecode.swift; path = UICustomButton.swift; sourceTree = "<group>"; };
		99EF9428263C40FE002E1A71 /* StartGameViewController.swift */ = {isa = PBXFileReference; lastKnownFileType = sourcecode.swift; path = StartGameViewController.swift; sourceTree = "<group>"; };
		99FA6E27262DCA7E00E8FB9D /* FlagHunter.app */ = {isa = PBXFileReference; explicitFileType = wrapper.application; includeInIndex = 0; path = FlagHunter.app; sourceTree = BUILT_PRODUCTS_DIR; };
		99FA6E2A262DCA7E00E8FB9D /* AppDelegate.swift */ = {isa = PBXFileReference; lastKnownFileType = sourcecode.swift; path = AppDelegate.swift; sourceTree = "<group>"; };
		99FA6E2C262DCA7E00E8FB9D /* SceneDelegate.swift */ = {isa = PBXFileReference; lastKnownFileType = sourcecode.swift; path = SceneDelegate.swift; sourceTree = "<group>"; };
		99FA6E31262DCA7E00E8FB9D /* Base */ = {isa = PBXFileReference; lastKnownFileType = file.storyboard; name = Base; path = Base.lproj/Main.storyboard; sourceTree = "<group>"; };
		99FA6E33262DCA7F00E8FB9D /* Assets.xcassets */ = {isa = PBXFileReference; lastKnownFileType = folder.assetcatalog; path = Assets.xcassets; sourceTree = "<group>"; };
		99FA6E36262DCA7F00E8FB9D /* Base */ = {isa = PBXFileReference; lastKnownFileType = file.storyboard; name = Base; path = Base.lproj/LaunchScreen.storyboard; sourceTree = "<group>"; };
		99FA6E38262DCA7F00E8FB9D /* Info.plist */ = {isa = PBXFileReference; lastKnownFileType = text.plist.xml; path = Info.plist; sourceTree = "<group>"; };
		99FE557126D3EF4400B399F5 /* ScoreResultBackgroundView.swift */ = {isa = PBXFileReference; lastKnownFileType = sourcecode.swift; path = ScoreResultBackgroundView.swift; sourceTree = "<group>"; };
		A1D9967FA82D4720971B97E1 /* Pods_FlagHunter.framework */ = {isa = PBXFileReference; explicitFileType = wrapper.framework; includeInIndex = 0; path = Pods_FlagHunter.framework; sourceTree = BUILT_PRODUCTS_DIR; };
		BEE66D751F635E46582DD56C /* Pods-FlagHunter.release.xcconfig */ = {isa = PBXFileReference; includeInIndex = 1; lastKnownFileType = text.xcconfig; name = "Pods-FlagHunter.release.xcconfig"; path = "Target Support Files/Pods-FlagHunter/Pods-FlagHunter.release.xcconfig"; sourceTree = "<group>"; };
		E568CCF030758E1A498CEEC1 /* Pods-FlagHunter.debug.xcconfig */ = {isa = PBXFileReference; includeInIndex = 1; lastKnownFileType = text.xcconfig; name = "Pods-FlagHunter.debug.xcconfig"; path = "Target Support Files/Pods-FlagHunter/Pods-FlagHunter.debug.xcconfig"; sourceTree = "<group>"; };
/* End PBXFileReference section */

/* Begin PBXFrameworksBuildPhase section */
		99FA6E24262DCA7E00E8FB9D /* Frameworks */ = {
			isa = PBXFrameworksBuildPhase;
			buildActionMask = 2147483647;
			files = (
				4B67A1DB81C4716FA4D168A0 /* Pods_FlagHunter.framework in Frameworks */,
			);
			runOnlyForDeploymentPostprocessing = 0;
		};
/* End PBXFrameworksBuildPhase section */

/* Begin PBXGroup section */
		2265137A28D8011100EC28EC /* Coordinator */ = {
			isa = PBXGroup;
			children = (
				2265137B28D8012000EC28EC /* Coordinator.swift */,
				2265137D28D801C800EC28EC /* MainCoordinator.swift */,
			);
			path = Coordinator;
			sourceTree = "<group>";
		};
		229EDF0C298701BE000A97E8 /* Scene */ = {
			isa = PBXGroup;
			children = (
				229EDF0F298703B2000A97E8 /* Scene.swift */,
				229EDF1429870466000A97E8 /* Start */,
				229EDF1329870461000A97E8 /* Round */,
				229EDF122987044D000A97E8 /* Result */,
				229EDF1129870448000A97E8 /* Score */,
			);
			path = Scene;
			sourceTree = "<group>";
		};
		229EDF0D298701CD000A97E8 /* Worker */ = {
			isa = PBXGroup;
			children = (
			);
			path = Worker;
			sourceTree = "<group>";
		};
		229EDF0E298701FC000A97E8 /* Util */ = {
			isa = PBXGroup;
			children = (
				99B3D67E2631E9E300D32384 /* Supporting Files */,
				99D8E0AF26499EAA0021C987 /* Extensions */,
				99FA6E61262E3C6500E8FB9D /* Fonts */,
				99B4508B269BB84100D24B4F /* FontReferencesList */,
				99FA6E33262DCA7F00E8FB9D /* Assets.xcassets */,
				99FA6E30262DCA7E00E8FB9D /* Main.storyboard */,
				99037204263789DF00B32A4C /* database.json */,
			);
			path = Util;
			sourceTree = "<group>";
		};
		229EDF1129870448000A97E8 /* Score */ = {
			isa = PBXGroup;
			children = (
				229EDF272987051E000A97E8 /* Scene.FlagHunter.Score.View.swift */,
				229EDF2929870528000A97E8 /* Scene.FlagHunter.Score.ViewController.swift */,
				229EDF2B29870532000A97E8 /* Scene.FlagHunter.Score.ViewModel.swift */,
				229EDF2D29870542000A97E8 /* Scene.FlagHunter.Score.View.Cell.swift */,
			);
			path = Score;
			sourceTree = "<group>";
		};
		229EDF122987044D000A97E8 /* Result */ = {
			isa = PBXGroup;
			children = (
				229EDF21298704EF000A97E8 /* Scene.FlagHunter.Result.View.swift */,
				229EDF2329870501000A97E8 /* Scene.FlagHunter.Result.ViewController.swift */,
				229EDF252987050B000A97E8 /* Scene.FlagHunter.Result.ViewModel.swift */,
			);
			path = Result;
			sourceTree = "<group>";
		};
		229EDF1329870461000A97E8 /* Round */ = {
			isa = PBXGroup;
			children = (
				229EDF1B298704BF000A97E8 /* Scene.FlagHunter.Round.View.swift */,
				229EDF1D298704CA000A97E8 /* Scene.FlagHunter.Round.ViewController.swift */,
				229EDF1F298704DC000A97E8 /* Scene.FlagHunter.Round.ViewModel.swift */,
			);
			path = Round;
			sourceTree = "<group>";
		};
		229EDF1429870466000A97E8 /* Start */ = {
			isa = PBXGroup;
			children = (
				229EDF1529870484000A97E8 /* Scene.FlagHunter.Start.View.swift */,
				229EDF1729870490000A97E8 /* Scene.FlagHunter.Start.ViewController.swift */,
				229EDF192987049E000A97E8 /* Scene.FlagHunter.Start.ViewModel.swift */,
			);
			path = Start;
			sourceTree = "<group>";
		};
		229EDF31298707EB000A97E8 /* Protocols */ = {
			isa = PBXGroup;
			children = (
				229EDF3229870803000A97E8 /* CodeView.swift */,
			);
			path = Protocols;
			sourceTree = "<group>";
		};
		5558E7829EEAE8C9172EE44E /* Frameworks */ = {
			isa = PBXGroup;
			children = (
				A1D9967FA82D4720971B97E1 /* Pods_FlagHunter.framework */,
			);
			name = Frameworks;
			sourceTree = "<group>";
		};
		9903720C2637908800B32A4C /* Model */ = {
			isa = PBXGroup;
			children = (
				229EDF2F298705A4000A97E8 /* Model.swift */,
				9903720D263790B400B32A4C /* Round.swift */,
				99AE1A2326404F3D0048BE00 /* Scoreboard.swift */,
				99B9DDC026F23C5100A38A56 /* FinalScoreValues.swift */,
			);
			path = Model;
			sourceTree = "<group>";
		};
		990A878027286EDC00BE6A5B /* ViewModel */ = {
			isa = PBXGroup;
			children = (
				990A878127286EFB00BE6A5B /* ResultBoardViewModel.swift */,
				99CCDDA7273368F8000D5A21 /* RoundViewModel.swift */,
			);
			path = ViewModel;
			sourceTree = "<group>";
		};
		99B3D67E2631E9E300D32384 /* Supporting Files */ = {
			isa = PBXGroup;
			children = (
				99FA6E2A262DCA7E00E8FB9D /* AppDelegate.swift */,
				99FA6E2C262DCA7E00E8FB9D /* SceneDelegate.swift */,
				99FA6E35262DCA7F00E8FB9D /* LaunchScreen.storyboard */,
				99313B3126B429DE00F082A2 /* UserDefaultsPersistence.swift */,
			);
			path = "Supporting Files";
			sourceTree = "<group>";
		};
		99B3D67F2631EA5000D32384 /* Controller */ = {
			isa = PBXGroup;
			children = (
				99EF9428263C40FE002E1A71 /* StartGameViewController.swift */,
				997BF5CF268805F7008F5E44 /* RoundViewController.swift */,
				991C96D62688DA46007ABF3A /* ResultBoardViewController.swift */,
				9975135C269CD7690039C344 /* ScoreboardTableViewController.swift */,
			);
			path = Controller;
			sourceTree = "<group>";
		};
		99B3D6E42631F9E900D32384 /* View */ = {
			isa = PBXGroup;
			children = (
				9905C383269F1B3A008F82EE /* ScoreboardTableViewCell.swift */,
				9905C387269F7E39008F82EE /* ScoreboardTitleTableViewCell.swift */,
				994D316E26937DD7003F65AF /* BlueBackgroundView.swift */,
				99B4508C269BCBD200D24B4F /* YellowBackgroundView.swift */,
				99FE557126D3EF4400B399F5 /* ScoreResultBackgroundView.swift */,
			);
			path = View;
			sourceTree = "<group>";
		};
		99B4508B269BB84100D24B4F /* FontReferencesList */ = {
			isa = PBXGroup;
			children = (
				99B45089269BB82400D24B4F /* Roboto-Thin.plist */,
				99B45083269BB7F500D24B4F /* Roboto-Light.plist */,
				994D31702693852F003F65AF /* Roboto-Bold.plist */,
				99B45085269BB80200D24B4F /* Roboto-Medium.plist */,
				99B45087269BB81C00D24B4F /* Roboto-Regular.plist */,
			);
			path = FontReferencesList;
			sourceTree = "<group>";
		};
		99D8E0AF26499EAA0021C987 /* Extensions */ = {
			isa = PBXGroup;
			children = (
				99D8E09C2649990D0021C987 /* UICustomColors.swift */,
				99D8E0A126499D270021C987 /* UICustomButton.swift */,
				996523ED268BA21B008B76E1 /* UIScaledFonts.swift */,
				9905C385269F5B8D008F82EE /* UICustomShadow.swift */,
				9937511326ED07BA00EA16A6 /* UICustomTextField.swift */,
				99303A40273472DA00D0F765 /* UINavigationBar.swift */,
			);
			path = Extensions;
			sourceTree = "<group>";
		};
		99FA6E1E262DCA7E00E8FB9D = {
			isa = PBXGroup;
			children = (
				99FA6E29262DCA7E00E8FB9D /* FlagHunter */,
				99FA6E28262DCA7E00E8FB9D /* Products */,
				AADC47381B1F661BEC57B55B /* Pods */,
				5558E7829EEAE8C9172EE44E /* Frameworks */,
			);
			sourceTree = "<group>";
		};
		99FA6E28262DCA7E00E8FB9D /* Products */ = {
			isa = PBXGroup;
			children = (
				99FA6E27262DCA7E00E8FB9D /* FlagHunter.app */,
			);
			name = Products;
			sourceTree = "<group>";
		};
		99FA6E29262DCA7E00E8FB9D /* FlagHunter */ = {
			isa = PBXGroup;
			children = (
				229EDF31298707EB000A97E8 /* Protocols */,
				229EDF0D298701CD000A97E8 /* Worker */,
				229EDF0C298701BE000A97E8 /* Scene */,
				2265137A28D8011100EC28EC /* Coordinator */,
				990A878027286EDC00BE6A5B /* ViewModel */,
				9903720C2637908800B32A4C /* Model */,
				99B3D6E42631F9E900D32384 /* View */,
				99B3D67F2631EA5000D32384 /* Controller */,
				229EDF0E298701FC000A97E8 /* Util */,
				99FA6E38262DCA7F00E8FB9D /* Info.plist */,
			);
			path = FlagHunter;
			sourceTree = "<group>";
		};
		99FA6E61262E3C6500E8FB9D /* Fonts */ = {
			isa = PBXGroup;
			children = (
				995F1DAE26331ACC00E2BB98 /* Roboto-Bold.ttf */,
				995F1DB226331ACC00E2BB98 /* Roboto-Light.ttf */,
				995F1DA426331ACC00E2BB98 /* Roboto-Medium.ttf */,
				995F1DAC26331ACC00E2BB98 /* Roboto-Regular.ttf */,
				995F1DA526331ACC00E2BB98 /* Roboto-Thin.ttf */,
			);
			path = Fonts;
			sourceTree = "<group>";
		};
		AADC47381B1F661BEC57B55B /* Pods */ = {
			isa = PBXGroup;
			children = (
				E568CCF030758E1A498CEEC1 /* Pods-FlagHunter.debug.xcconfig */,
				BEE66D751F635E46582DD56C /* Pods-FlagHunter.release.xcconfig */,
			);
			path = Pods;
			sourceTree = "<group>";
		};
/* End PBXGroup section */

/* Begin PBXNativeTarget section */
		99FA6E26262DCA7E00E8FB9D /* FlagHunter */ = {
			isa = PBXNativeTarget;
			buildConfigurationList = 99FA6E51262DCA7F00E8FB9D /* Build configuration list for PBXNativeTarget "FlagHunter" */;
			buildPhases = (
				0646AC3D4300E9C2A53F1C69 /* [CP] Check Pods Manifest.lock */,
				99FA6E23262DCA7E00E8FB9D /* Sources */,
				99FA6E24262DCA7E00E8FB9D /* Frameworks */,
				99FA6E25262DCA7E00E8FB9D /* Resources */,
				0516425F6C0A3BEF82D7C1BE /* [CP] Embed Pods Frameworks */,
			);
			buildRules = (
			);
			dependencies = (
			);
			name = FlagHunter;
			productName = GuessTheFlag;
			productReference = 99FA6E27262DCA7E00E8FB9D /* FlagHunter.app */;
			productType = "com.apple.product-type.application";
		};
/* End PBXNativeTarget section */

/* Begin PBXProject section */
		99FA6E1F262DCA7E00E8FB9D /* Project object */ = {
			isa = PBXProject;
			attributes = {
				LastSwiftUpdateCheck = 1240;
				LastUpgradeCheck = 1240;
				TargetAttributes = {
					99FA6E26262DCA7E00E8FB9D = {
						CreatedOnToolsVersion = 12.4;
					};
				};
			};
			buildConfigurationList = 99FA6E22262DCA7E00E8FB9D /* Build configuration list for PBXProject "FlagHunter" */;
			compatibilityVersion = "Xcode 9.3";
			developmentRegion = en;
			hasScannedForEncodings = 0;
			knownRegions = (
				en,
				Base,
			);
			mainGroup = 99FA6E1E262DCA7E00E8FB9D;
			productRefGroup = 99FA6E28262DCA7E00E8FB9D /* Products */;
			projectDirPath = "";
			projectRoot = "";
			targets = (
				99FA6E26262DCA7E00E8FB9D /* FlagHunter */,
			);
		};
/* End PBXProject section */

/* Begin PBXResourcesBuildPhase section */
		99FA6E25262DCA7E00E8FB9D /* Resources */ = {
			isa = PBXResourcesBuildPhase;
			buildActionMask = 2147483647;
			files = (
				99B45084269BB7F500D24B4F /* Roboto-Light.plist in Resources */,
				995F1DB626331ACC00E2BB98 /* Roboto-Medium.ttf in Resources */,
				99FA6E37262DCA7F00E8FB9D /* LaunchScreen.storyboard in Resources */,
				995F1DC026331ACC00E2BB98 /* Roboto-Bold.ttf in Resources */,
				99B45086269BB80200D24B4F /* Roboto-Medium.plist in Resources */,
				99B45088269BB81C00D24B4F /* Roboto-Regular.plist in Resources */,
				994D31712693852F003F65AF /* Roboto-Bold.plist in Resources */,
				995F1DB726331ACC00E2BB98 /* Roboto-Thin.ttf in Resources */,
				99FA6E34262DCA7F00E8FB9D /* Assets.xcassets in Resources */,
				995F1DC426331ACC00E2BB98 /* Roboto-Light.ttf in Resources */,
				99B4508A269BB82400D24B4F /* Roboto-Thin.plist in Resources */,
				995F1DBE26331ACC00E2BB98 /* Roboto-Regular.ttf in Resources */,
				99037205263789DF00B32A4C /* database.json in Resources */,
				99FA6E32262DCA7E00E8FB9D /* Main.storyboard in Resources */,
			);
			runOnlyForDeploymentPostprocessing = 0;
		};
/* End PBXResourcesBuildPhase section */

/* Begin PBXShellScriptBuildPhase section */
		0516425F6C0A3BEF82D7C1BE /* [CP] Embed Pods Frameworks */ = {
			isa = PBXShellScriptBuildPhase;
			buildActionMask = 2147483647;
			files = (
			);
			inputFileListPaths = (
				"${PODS_ROOT}/Target Support Files/Pods-FlagHunter/Pods-FlagHunter-frameworks-${CONFIGURATION}-input-files.xcfilelist",
			);
			name = "[CP] Embed Pods Frameworks";
			outputFileListPaths = (
				"${PODS_ROOT}/Target Support Files/Pods-FlagHunter/Pods-FlagHunter-frameworks-${CONFIGURATION}-output-files.xcfilelist",
			);
			runOnlyForDeploymentPostprocessing = 0;
			shellPath = /bin/sh;
			shellScript = "\"${PODS_ROOT}/Target Support Files/Pods-FlagHunter/Pods-FlagHunter-frameworks.sh\"\n";
			showEnvVarsInLog = 0;
		};
		0646AC3D4300E9C2A53F1C69 /* [CP] Check Pods Manifest.lock */ = {
			isa = PBXShellScriptBuildPhase;
			buildActionMask = 2147483647;
			files = (
			);
			inputFileListPaths = (
			);
			inputPaths = (
				"${PODS_PODFILE_DIR_PATH}/Podfile.lock",
				"${PODS_ROOT}/Manifest.lock",
			);
			name = "[CP] Check Pods Manifest.lock";
			outputFileListPaths = (
			);
			outputPaths = (
				"$(DERIVED_FILE_DIR)/Pods-FlagHunter-checkManifestLockResult.txt",
			);
			runOnlyForDeploymentPostprocessing = 0;
			shellPath = /bin/sh;
			shellScript = "diff \"${PODS_PODFILE_DIR_PATH}/Podfile.lock\" \"${PODS_ROOT}/Manifest.lock\" > /dev/null\nif [ $? != 0 ] ; then\n    # print error to STDERR\n    echo \"error: The sandbox is not in sync with the Podfile.lock. Run 'pod install' or update your CocoaPods installation.\" >&2\n    exit 1\nfi\n# This output is used by Xcode 'outputs' to avoid re-running this script phase.\necho \"SUCCESS\" > \"${SCRIPT_OUTPUT_FILE_0}\"\n";
			showEnvVarsInLog = 0;
		};
/* End PBXShellScriptBuildPhase section */

/* Begin PBXSourcesBuildPhase section */
		99FA6E23262DCA7E00E8FB9D /* Sources */ = {
			isa = PBXSourcesBuildPhase;
			buildActionMask = 2147483647;
			files = (
				99D8E0A226499D270021C987 /* UICustomButton.swift in Sources */,
				994D316F26937DD7003F65AF /* BlueBackgroundView.swift in Sources */,
				996523EE268BA21B008B76E1 /* UIScaledFonts.swift in Sources */,
				229EDF2E29870542000A97E8 /* Scene.FlagHunter.Score.View.Cell.swift in Sources */,
				99B4508D269BCBD200D24B4F /* YellowBackgroundView.swift in Sources */,
				9937511426ED07BA00EA16A6 /* UICustomTextField.swift in Sources */,
				9975135D269CD7690039C344 /* ScoreboardTableViewController.swift in Sources */,
				99313B3226B429DE00F082A2 /* UserDefaultsPersistence.swift in Sources */,
				229EDF1829870490000A97E8 /* Scene.FlagHunter.Start.ViewController.swift in Sources */,
				9905C388269F7E3A008F82EE /* ScoreboardTitleTableViewCell.swift in Sources */,
				229EDF2429870501000A97E8 /* Scene.FlagHunter.Result.ViewController.swift in Sources */,
				2265137C28D8012000EC28EC /* Coordinator.swift in Sources */,
				229EDF1629870484000A97E8 /* Scene.FlagHunter.Start.View.swift in Sources */,
				990A878227286EFB00BE6A5B /* ResultBoardViewModel.swift in Sources */,
				99EF9429263C40FE002E1A71 /* StartGameViewController.swift in Sources */,
				229EDF30298705A4000A97E8 /* Model.swift in Sources */,
				229EDF1E298704CA000A97E8 /* Scene.FlagHunter.Round.ViewController.swift in Sources */,
				99AE1A2426404F3D0048BE00 /* Scoreboard.swift in Sources */,
				9905C386269F5B8D008F82EE /* UICustomShadow.swift in Sources */,
				229EDF10298703B2000A97E8 /* Scene.swift in Sources */,
				229EDF1A2987049E000A97E8 /* Scene.FlagHunter.Start.ViewModel.swift in Sources */,
				229EDF1C298704BF000A97E8 /* Scene.FlagHunter.Round.View.swift in Sources */,
				229EDF262987050B000A97E8 /* Scene.FlagHunter.Result.ViewModel.swift in Sources */,
				2265137E28D801C800EC28EC /* MainCoordinator.swift in Sources */,
				229EDF3329870803000A97E8 /* CodeView.swift in Sources */,
				991C96D72688DA46007ABF3A /* ResultBoardViewController.swift in Sources */,
				229EDF22298704EF000A97E8 /* Scene.FlagHunter.Result.View.swift in Sources */,
				99B9DDC126F23C5100A38A56 /* FinalScoreValues.swift in Sources */,
				99FA6E2B262DCA7E00E8FB9D /* AppDelegate.swift in Sources */,
				99FA6E2D262DCA7E00E8FB9D /* SceneDelegate.swift in Sources */,
				99FE557226D3EF4400B399F5 /* ScoreResultBackgroundView.swift in Sources */,
				99303A41273472DA00D0F765 /* UINavigationBar.swift in Sources */,
				229EDF282987051E000A97E8 /* Scene.FlagHunter.Score.View.swift in Sources */,
				9903720E263790B400B32A4C /* Round.swift in Sources */,
				229EDF2A29870528000A97E8 /* Scene.FlagHunter.Score.ViewController.swift in Sources */,
				9905C384269F1B3A008F82EE /* ScoreboardTableViewCell.swift in Sources */,
				229EDF2C29870532000A97E8 /* Scene.FlagHunter.Score.ViewModel.swift in Sources */,
				997BF5D0268805F7008F5E44 /* RoundViewController.swift in Sources */,
				229EDF20298704DC000A97E8 /* Scene.FlagHunter.Round.ViewModel.swift in Sources */,
				99D8E09D2649990D0021C987 /* UICustomColors.swift in Sources */,
				99CCDDA8273368F8000D5A21 /* RoundViewModel.swift in Sources */,
			);
			runOnlyForDeploymentPostprocessing = 0;
		};
/* End PBXSourcesBuildPhase section */

/* Begin PBXVariantGroup section */
		99FA6E30262DCA7E00E8FB9D /* Main.storyboard */ = {
			isa = PBXVariantGroup;
			children = (
				99FA6E31262DCA7E00E8FB9D /* Base */,
			);
			name = Main.storyboard;
			sourceTree = "<group>";
		};
		99FA6E35262DCA7F00E8FB9D /* LaunchScreen.storyboard */ = {
			isa = PBXVariantGroup;
			children = (
				99FA6E36262DCA7F00E8FB9D /* Base */,
			);
			name = LaunchScreen.storyboard;
			sourceTree = "<group>";
		};
/* End PBXVariantGroup section */

/* Begin XCBuildConfiguration section */
		99FA6E4F262DCA7F00E8FB9D /* Debug */ = {
			isa = XCBuildConfiguration;
			buildSettings = {
				ALWAYS_SEARCH_USER_PATHS = NO;
				CLANG_ANALYZER_NONNULL = YES;
				CLANG_ANALYZER_NUMBER_OBJECT_CONVERSION = YES_AGGRESSIVE;
				CLANG_CXX_LANGUAGE_STANDARD = "gnu++14";
				CLANG_CXX_LIBRARY = "libc++";
				CLANG_ENABLE_MODULES = YES;
				CLANG_ENABLE_OBJC_ARC = YES;
				CLANG_ENABLE_OBJC_WEAK = YES;
				CLANG_WARN_BLOCK_CAPTURE_AUTORELEASING = YES;
				CLANG_WARN_BOOL_CONVERSION = YES;
				CLANG_WARN_COMMA = YES;
				CLANG_WARN_CONSTANT_CONVERSION = YES;
				CLANG_WARN_DEPRECATED_OBJC_IMPLEMENTATIONS = YES;
				CLANG_WARN_DIRECT_OBJC_ISA_USAGE = YES_ERROR;
				CLANG_WARN_DOCUMENTATION_COMMENTS = YES;
				CLANG_WARN_EMPTY_BODY = YES;
				CLANG_WARN_ENUM_CONVERSION = YES;
				CLANG_WARN_INFINITE_RECURSION = YES;
				CLANG_WARN_INT_CONVERSION = YES;
				CLANG_WARN_NON_LITERAL_NULL_CONVERSION = YES;
				CLANG_WARN_OBJC_IMPLICIT_RETAIN_SELF = YES;
				CLANG_WARN_OBJC_LITERAL_CONVERSION = YES;
				CLANG_WARN_OBJC_ROOT_CLASS = YES_ERROR;
				CLANG_WARN_QUOTED_INCLUDE_IN_FRAMEWORK_HEADER = YES;
				CLANG_WARN_RANGE_LOOP_ANALYSIS = YES;
				CLANG_WARN_STRICT_PROTOTYPES = YES;
				CLANG_WARN_SUSPICIOUS_MOVE = YES;
				CLANG_WARN_UNGUARDED_AVAILABILITY = YES_AGGRESSIVE;
				CLANG_WARN_UNREACHABLE_CODE = YES;
				CLANG_WARN__DUPLICATE_METHOD_MATCH = YES;
				COPY_PHASE_STRIP = NO;
				DEBUG_INFORMATION_FORMAT = dwarf;
				ENABLE_STRICT_OBJC_MSGSEND = YES;
				ENABLE_TESTABILITY = YES;
				GCC_C_LANGUAGE_STANDARD = gnu11;
				GCC_DYNAMIC_NO_PIC = NO;
				GCC_NO_COMMON_BLOCKS = YES;
				GCC_OPTIMIZATION_LEVEL = 0;
				GCC_PREPROCESSOR_DEFINITIONS = (
					"DEBUG=1",
					"$(inherited)",
				);
				GCC_WARN_64_TO_32_BIT_CONVERSION = YES;
				GCC_WARN_ABOUT_RETURN_TYPE = YES_ERROR;
				GCC_WARN_UNDECLARED_SELECTOR = YES;
				GCC_WARN_UNINITIALIZED_AUTOS = YES_AGGRESSIVE;
				GCC_WARN_UNUSED_FUNCTION = YES;
				GCC_WARN_UNUSED_VARIABLE = YES;
				IPHONEOS_DEPLOYMENT_TARGET = 14.4;
				MTL_ENABLE_DEBUG_INFO = INCLUDE_SOURCE;
				MTL_FAST_MATH = YES;
				ONLY_ACTIVE_ARCH = YES;
				SDKROOT = iphoneos;
				SWIFT_ACTIVE_COMPILATION_CONDITIONS = DEBUG;
				SWIFT_OPTIMIZATION_LEVEL = "-Onone";
			};
			name = Debug;
		};
		99FA6E50262DCA7F00E8FB9D /* Release */ = {
			isa = XCBuildConfiguration;
			buildSettings = {
				ALWAYS_SEARCH_USER_PATHS = NO;
				CLANG_ANALYZER_NONNULL = YES;
				CLANG_ANALYZER_NUMBER_OBJECT_CONVERSION = YES_AGGRESSIVE;
				CLANG_CXX_LANGUAGE_STANDARD = "gnu++14";
				CLANG_CXX_LIBRARY = "libc++";
				CLANG_ENABLE_MODULES = YES;
				CLANG_ENABLE_OBJC_ARC = YES;
				CLANG_ENABLE_OBJC_WEAK = YES;
				CLANG_WARN_BLOCK_CAPTURE_AUTORELEASING = YES;
				CLANG_WARN_BOOL_CONVERSION = YES;
				CLANG_WARN_COMMA = YES;
				CLANG_WARN_CONSTANT_CONVERSION = YES;
				CLANG_WARN_DEPRECATED_OBJC_IMPLEMENTATIONS = YES;
				CLANG_WARN_DIRECT_OBJC_ISA_USAGE = YES_ERROR;
				CLANG_WARN_DOCUMENTATION_COMMENTS = YES;
				CLANG_WARN_EMPTY_BODY = YES;
				CLANG_WARN_ENUM_CONVERSION = YES;
				CLANG_WARN_INFINITE_RECURSION = YES;
				CLANG_WARN_INT_CONVERSION = YES;
				CLANG_WARN_NON_LITERAL_NULL_CONVERSION = YES;
				CLANG_WARN_OBJC_IMPLICIT_RETAIN_SELF = YES;
				CLANG_WARN_OBJC_LITERAL_CONVERSION = YES;
				CLANG_WARN_OBJC_ROOT_CLASS = YES_ERROR;
				CLANG_WARN_QUOTED_INCLUDE_IN_FRAMEWORK_HEADER = YES;
				CLANG_WARN_RANGE_LOOP_ANALYSIS = YES;
				CLANG_WARN_STRICT_PROTOTYPES = YES;
				CLANG_WARN_SUSPICIOUS_MOVE = YES;
				CLANG_WARN_UNGUARDED_AVAILABILITY = YES_AGGRESSIVE;
				CLANG_WARN_UNREACHABLE_CODE = YES;
				CLANG_WARN__DUPLICATE_METHOD_MATCH = YES;
				COPY_PHASE_STRIP = NO;
				DEBUG_INFORMATION_FORMAT = "dwarf-with-dsym";
				ENABLE_NS_ASSERTIONS = NO;
				ENABLE_STRICT_OBJC_MSGSEND = YES;
				GCC_C_LANGUAGE_STANDARD = gnu11;
				GCC_NO_COMMON_BLOCKS = YES;
				GCC_WARN_64_TO_32_BIT_CONVERSION = YES;
				GCC_WARN_ABOUT_RETURN_TYPE = YES_ERROR;
				GCC_WARN_UNDECLARED_SELECTOR = YES;
				GCC_WARN_UNINITIALIZED_AUTOS = YES_AGGRESSIVE;
				GCC_WARN_UNUSED_FUNCTION = YES;
				GCC_WARN_UNUSED_VARIABLE = YES;
				IPHONEOS_DEPLOYMENT_TARGET = 14.4;
				MTL_ENABLE_DEBUG_INFO = NO;
				MTL_FAST_MATH = YES;
				SDKROOT = iphoneos;
				SWIFT_COMPILATION_MODE = wholemodule;
				SWIFT_OPTIMIZATION_LEVEL = "-O";
				VALIDATE_PRODUCT = YES;
			};
			name = Release;
		};
		99FA6E52262DCA7F00E8FB9D /* Debug */ = {
			isa = XCBuildConfiguration;
			baseConfigurationReference = E568CCF030758E1A498CEEC1 /* Pods-FlagHunter.debug.xcconfig */;
			buildSettings = {
				ASSETCATALOG_COMPILER_APPICON_NAME = AppIcon;
				ASSETCATALOG_COMPILER_GLOBAL_ACCENT_COLOR_NAME = AccentColor;
				CODE_SIGN_STYLE = Automatic;
				DEVELOPMENT_TEAM = V7Y5H7S234;
				INFOPLIST_FILE = FlagHunter/Info.plist;
				IPHONEOS_DEPLOYMENT_TARGET = 13.0;
				LD_RUNPATH_SEARCH_PATHS = (
					"$(inherited)",
					"@executable_path/Frameworks",
				);
				PRODUCT_BUNDLE_IDENTIFIER = michel.FlagHunter;
				PRODUCT_NAME = "$(TARGET_NAME)";
				SWIFT_VERSION = 5.0;
				TARGETED_DEVICE_FAMILY = 1;
			};
			name = Debug;
		};
		99FA6E53262DCA7F00E8FB9D /* Release */ = {
			isa = XCBuildConfiguration;
			baseConfigurationReference = BEE66D751F635E46582DD56C /* Pods-FlagHunter.release.xcconfig */;
			buildSettings = {
				ASSETCATALOG_COMPILER_APPICON_NAME = AppIcon;
				ASSETCATALOG_COMPILER_GLOBAL_ACCENT_COLOR_NAME = AccentColor;
				CODE_SIGN_STYLE = Automatic;
				DEVELOPMENT_TEAM = V7Y5H7S234;
				INFOPLIST_FILE = FlagHunter/Info.plist;
				IPHONEOS_DEPLOYMENT_TARGET = 13.0;
				LD_RUNPATH_SEARCH_PATHS = (
					"$(inherited)",
					"@executable_path/Frameworks",
				);
				PRODUCT_BUNDLE_IDENTIFIER = michel.FlagHunter;
				PRODUCT_NAME = "$(TARGET_NAME)";
				SWIFT_VERSION = 5.0;
				TARGETED_DEVICE_FAMILY = 1;
			};
			name = Release;
		};
/* End XCBuildConfiguration section */

/* Begin XCConfigurationList section */
		99FA6E22262DCA7E00E8FB9D /* Build configuration list for PBXProject "FlagHunter" */ = {
			isa = XCConfigurationList;
			buildConfigurations = (
				99FA6E4F262DCA7F00E8FB9D /* Debug */,
				99FA6E50262DCA7F00E8FB9D /* Release */,
			);
			defaultConfigurationIsVisible = 0;
			defaultConfigurationName = Release;
		};
		99FA6E51262DCA7F00E8FB9D /* Build configuration list for PBXNativeTarget "FlagHunter" */ = {
			isa = XCConfigurationList;
			buildConfigurations = (
				99FA6E52262DCA7F00E8FB9D /* Debug */,
				99FA6E53262DCA7F00E8FB9D /* Release */,
			);
			defaultConfigurationIsVisible = 0;
			defaultConfigurationName = Release;
		};
/* End XCConfigurationList section */
	};
	rootObject = 99FA6E1F262DCA7E00E8FB9D /* Project object */;
}
