// !$*UTF8*$!
{
	archiveVersion = 1;
	classes = {
	};
	objectVersion = 50;
	objects = {

/* Begin PBXBuildFile section */
		99037205263789DF00B32A4C /* database.json in Resources */ = {isa = PBXBuildFile; fileRef = 99037204263789DF00B32A4C /* database.json */; };
		9903720E263790B400B32A4C /* Round.swift in Sources */ = {isa = PBXBuildFile; fileRef = 9903720D263790B400B32A4C /* Round.swift */; };
		995D11DF263203890040D78C /* ScoreTableVC.swift in Sources */ = {isa = PBXBuildFile; fileRef = 995D11DE263203890040D78C /* ScoreTableVC.swift */; };
		995D11EA263203E30040D78C /* RoundVC.swift in Sources */ = {isa = PBXBuildFile; fileRef = 995D11E9263203E30040D78C /* RoundVC.swift */; };
		995D11EF26321F400040D78C /* ResultGameVC.swift in Sources */ = {isa = PBXBuildFile; fileRef = 995D11EE26321F400040D78C /* ResultGameVC.swift */; };
		995F1DB526331ACC00E2BB98 /* Roboto-LightItalic.ttf in Resources */ = {isa = PBXBuildFile; fileRef = 995F1DA326331ACC00E2BB98 /* Roboto-LightItalic.ttf */; };
		995F1DB626331ACC00E2BB98 /* Roboto-Medium.ttf in Resources */ = {isa = PBXBuildFile; fileRef = 995F1DA426331ACC00E2BB98 /* Roboto-Medium.ttf */; };
		995F1DB726331ACC00E2BB98 /* Roboto-Thin.ttf in Resources */ = {isa = PBXBuildFile; fileRef = 995F1DA526331ACC00E2BB98 /* Roboto-Thin.ttf */; };
		995F1DB826331ACC00E2BB98 /* Roboto-MediumItalic.ttf in Resources */ = {isa = PBXBuildFile; fileRef = 995F1DA626331ACC00E2BB98 /* Roboto-MediumItalic.ttf */; };
		995F1DB926331ACC00E2BB98 /* RobotoCondensed-Regular.ttf in Resources */ = {isa = PBXBuildFile; fileRef = 995F1DA726331ACC00E2BB98 /* RobotoCondensed-Regular.ttf */; };
		995F1DBA26331ACC00E2BB98 /* RobotoCondensed-BoldItalic.ttf in Resources */ = {isa = PBXBuildFile; fileRef = 995F1DA826331ACC00E2BB98 /* RobotoCondensed-BoldItalic.ttf */; };
		995F1DBB26331ACC00E2BB98 /* RobotoCondensed-LightItalic.ttf in Resources */ = {isa = PBXBuildFile; fileRef = 995F1DA926331ACC00E2BB98 /* RobotoCondensed-LightItalic.ttf */; };
		995F1DBC26331ACC00E2BB98 /* RobotoCondensed-Light.ttf in Resources */ = {isa = PBXBuildFile; fileRef = 995F1DAA26331ACC00E2BB98 /* RobotoCondensed-Light.ttf */; };
		995F1DBD26331ACC00E2BB98 /* Roboto-BoldItalic.ttf in Resources */ = {isa = PBXBuildFile; fileRef = 995F1DAB26331ACC00E2BB98 /* Roboto-BoldItalic.ttf */; };
		995F1DBE26331ACC00E2BB98 /* Roboto-Regular.ttf in Resources */ = {isa = PBXBuildFile; fileRef = 995F1DAC26331ACC00E2BB98 /* Roboto-Regular.ttf */; };
		995F1DBF26331ACC00E2BB98 /* Roboto-Italic.ttf in Resources */ = {isa = PBXBuildFile; fileRef = 995F1DAD26331ACC00E2BB98 /* Roboto-Italic.ttf */; };
		995F1DC026331ACC00E2BB98 /* Roboto-Bold.ttf in Resources */ = {isa = PBXBuildFile; fileRef = 995F1DAE26331ACC00E2BB98 /* Roboto-Bold.ttf */; };
		995F1DC126331ACC00E2BB98 /* RobotoCondensed-Bold.ttf in Resources */ = {isa = PBXBuildFile; fileRef = 995F1DAF26331ACC00E2BB98 /* RobotoCondensed-Bold.ttf */; };
		995F1DC226331ACC00E2BB98 /* Roboto-Black.ttf in Resources */ = {isa = PBXBuildFile; fileRef = 995F1DB026331ACC00E2BB98 /* Roboto-Black.ttf */; };
		995F1DC326331ACC00E2BB98 /* Roboto-BlackItalic.ttf in Resources */ = {isa = PBXBuildFile; fileRef = 995F1DB126331ACC00E2BB98 /* Roboto-BlackItalic.ttf */; };
		995F1DC426331ACC00E2BB98 /* Roboto-Light.ttf in Resources */ = {isa = PBXBuildFile; fileRef = 995F1DB226331ACC00E2BB98 /* Roboto-Light.ttf */; };
		995F1DC526331ACC00E2BB98 /* RobotoCondensed-Italic.ttf in Resources */ = {isa = PBXBuildFile; fileRef = 995F1DB326331ACC00E2BB98 /* RobotoCondensed-Italic.ttf */; };
		995F1DC626331ACC00E2BB98 /* Roboto-ThinItalic.ttf in Resources */ = {isa = PBXBuildFile; fileRef = 995F1DB426331ACC00E2BB98 /* Roboto-ThinItalic.ttf */; };
		99AE1A2426404F3D0048BE00 /* Scoreboard.swift in Sources */ = {isa = PBXBuildFile; fileRef = 99AE1A2326404F3D0048BE00 /* Scoreboard.swift */; };
		99B3D6E62631FA1B00D32384 /* ScoreTableViewCell.swift in Sources */ = {isa = PBXBuildFile; fileRef = 99B3D6E52631FA1B00D32384 /* ScoreTableViewCell.swift */; };
		99B3D6E72631FA1B00D32384 /* ScoreTableViewCell.swift in Sources */ = {isa = PBXBuildFile; fileRef = 99B3D6E52631FA1B00D32384 /* ScoreTableViewCell.swift */; };
		99B3D6E82631FA1B00D32384 /* ScoreTableViewCell.swift in Sources */ = {isa = PBXBuildFile; fileRef = 99B3D6E52631FA1B00D32384 /* ScoreTableViewCell.swift */; };
		99EF9429263C40FE002E1A71 /* StartGameCodeVC.swift in Sources */ = {isa = PBXBuildFile; fileRef = 99EF9428263C40FE002E1A71 /* StartGameCodeVC.swift */; };
		99FA6E2B262DCA7E00E8FB9D /* AppDelegate.swift in Sources */ = {isa = PBXBuildFile; fileRef = 99FA6E2A262DCA7E00E8FB9D /* AppDelegate.swift */; };
		99FA6E2D262DCA7E00E8FB9D /* SceneDelegate.swift in Sources */ = {isa = PBXBuildFile; fileRef = 99FA6E2C262DCA7E00E8FB9D /* SceneDelegate.swift */; };
		99FA6E2F262DCA7E00E8FB9D /* StartGameVC.swift in Sources */ = {isa = PBXBuildFile; fileRef = 99FA6E2E262DCA7E00E8FB9D /* StartGameVC.swift */; };
		99FA6E32262DCA7E00E8FB9D /* Main.storyboard in Resources */ = {isa = PBXBuildFile; fileRef = 99FA6E30262DCA7E00E8FB9D /* Main.storyboard */; };
		99FA6E34262DCA7F00E8FB9D /* Assets.xcassets in Resources */ = {isa = PBXBuildFile; fileRef = 99FA6E33262DCA7F00E8FB9D /* Assets.xcassets */; };
		99FA6E37262DCA7F00E8FB9D /* LaunchScreen.storyboard in Resources */ = {isa = PBXBuildFile; fileRef = 99FA6E35262DCA7F00E8FB9D /* LaunchScreen.storyboard */; };
		99FA6E42262DCA7F00E8FB9D /* GuessTheFlagTests.swift in Sources */ = {isa = PBXBuildFile; fileRef = 99FA6E41262DCA7F00E8FB9D /* GuessTheFlagTests.swift */; };
		99FA6E4D262DCA7F00E8FB9D /* GuessTheFlagUITests.swift in Sources */ = {isa = PBXBuildFile; fileRef = 99FA6E4C262DCA7F00E8FB9D /* GuessTheFlagUITests.swift */; };
/* End PBXBuildFile section */

/* Begin PBXContainerItemProxy section */
		99FA6E3E262DCA7F00E8FB9D /* PBXContainerItemProxy */ = {
			isa = PBXContainerItemProxy;
			containerPortal = 99FA6E1F262DCA7E00E8FB9D /* Project object */;
			proxyType = 1;
			remoteGlobalIDString = 99FA6E26262DCA7E00E8FB9D;
			remoteInfo = GuessTheFlag;
		};
		99FA6E49262DCA7F00E8FB9D /* PBXContainerItemProxy */ = {
			isa = PBXContainerItemProxy;
			containerPortal = 99FA6E1F262DCA7E00E8FB9D /* Project object */;
			proxyType = 1;
			remoteGlobalIDString = 99FA6E26262DCA7E00E8FB9D;
			remoteInfo = GuessTheFlag;
		};
/* End PBXContainerItemProxy section */

/* Begin PBXFileReference section */
		99037204263789DF00B32A4C /* database.json */ = {isa = PBXFileReference; fileEncoding = 4; lastKnownFileType = text.json; path = database.json; sourceTree = "<group>"; };
		9903720D263790B400B32A4C /* Round.swift */ = {isa = PBXFileReference; lastKnownFileType = sourcecode.swift; path = Round.swift; sourceTree = "<group>"; };
		995D11DE263203890040D78C /* ScoreTableVC.swift */ = {isa = PBXFileReference; lastKnownFileType = sourcecode.swift; path = ScoreTableVC.swift; sourceTree = "<group>"; };
		995D11E9263203E30040D78C /* RoundVC.swift */ = {isa = PBXFileReference; lastKnownFileType = sourcecode.swift; path = RoundVC.swift; sourceTree = "<group>"; };
		995D11EE26321F400040D78C /* ResultGameVC.swift */ = {isa = PBXFileReference; lastKnownFileType = sourcecode.swift; path = ResultGameVC.swift; sourceTree = "<group>"; };
		995F1DA326331ACC00E2BB98 /* Roboto-LightItalic.ttf */ = {isa = PBXFileReference; lastKnownFileType = file; path = "Roboto-LightItalic.ttf"; sourceTree = "<group>"; };
		995F1DA426331ACC00E2BB98 /* Roboto-Medium.ttf */ = {isa = PBXFileReference; lastKnownFileType = file; path = "Roboto-Medium.ttf"; sourceTree = "<group>"; };
		995F1DA526331ACC00E2BB98 /* Roboto-Thin.ttf */ = {isa = PBXFileReference; lastKnownFileType = file; path = "Roboto-Thin.ttf"; sourceTree = "<group>"; };
		995F1DA626331ACC00E2BB98 /* Roboto-MediumItalic.ttf */ = {isa = PBXFileReference; lastKnownFileType = file; path = "Roboto-MediumItalic.ttf"; sourceTree = "<group>"; };
		995F1DA726331ACC00E2BB98 /* RobotoCondensed-Regular.ttf */ = {isa = PBXFileReference; lastKnownFileType = file; path = "RobotoCondensed-Regular.ttf"; sourceTree = "<group>"; };
		995F1DA826331ACC00E2BB98 /* RobotoCondensed-BoldItalic.ttf */ = {isa = PBXFileReference; lastKnownFileType = file; path = "RobotoCondensed-BoldItalic.ttf"; sourceTree = "<group>"; };
		995F1DA926331ACC00E2BB98 /* RobotoCondensed-LightItalic.ttf */ = {isa = PBXFileReference; lastKnownFileType = file; path = "RobotoCondensed-LightItalic.ttf"; sourceTree = "<group>"; };
		995F1DAA26331ACC00E2BB98 /* RobotoCondensed-Light.ttf */ = {isa = PBXFileReference; lastKnownFileType = file; path = "RobotoCondensed-Light.ttf"; sourceTree = "<group>"; };
		995F1DAB26331ACC00E2BB98 /* Roboto-BoldItalic.ttf */ = {isa = PBXFileReference; lastKnownFileType = file; path = "Roboto-BoldItalic.ttf"; sourceTree = "<group>"; };
		995F1DAC26331ACC00E2BB98 /* Roboto-Regular.ttf */ = {isa = PBXFileReference; lastKnownFileType = file; path = "Roboto-Regular.ttf"; sourceTree = "<group>"; };
		995F1DAD26331ACC00E2BB98 /* Roboto-Italic.ttf */ = {isa = PBXFileReference; lastKnownFileType = file; path = "Roboto-Italic.ttf"; sourceTree = "<group>"; };
		995F1DAE26331ACC00E2BB98 /* Roboto-Bold.ttf */ = {isa = PBXFileReference; lastKnownFileType = file; path = "Roboto-Bold.ttf"; sourceTree = "<group>"; };
		995F1DAF26331ACC00E2BB98 /* RobotoCondensed-Bold.ttf */ = {isa = PBXFileReference; lastKnownFileType = file; path = "RobotoCondensed-Bold.ttf"; sourceTree = "<group>"; };
		995F1DB026331ACC00E2BB98 /* Roboto-Black.ttf */ = {isa = PBXFileReference; lastKnownFileType = file; path = "Roboto-Black.ttf"; sourceTree = "<group>"; };
		995F1DB126331ACC00E2BB98 /* Roboto-BlackItalic.ttf */ = {isa = PBXFileReference; lastKnownFileType = file; path = "Roboto-BlackItalic.ttf"; sourceTree = "<group>"; };
		995F1DB226331ACC00E2BB98 /* Roboto-Light.ttf */ = {isa = PBXFileReference; lastKnownFileType = file; path = "Roboto-Light.ttf"; sourceTree = "<group>"; };
		995F1DB326331ACC00E2BB98 /* RobotoCondensed-Italic.ttf */ = {isa = PBXFileReference; lastKnownFileType = file; path = "RobotoCondensed-Italic.ttf"; sourceTree = "<group>"; };
		995F1DB426331ACC00E2BB98 /* Roboto-ThinItalic.ttf */ = {isa = PBXFileReference; lastKnownFileType = file; path = "Roboto-ThinItalic.ttf"; sourceTree = "<group>"; };
		99AE1A2326404F3D0048BE00 /* Scoreboard.swift */ = {isa = PBXFileReference; lastKnownFileType = sourcecode.swift; path = Scoreboard.swift; sourceTree = "<group>"; };
		99B3D6E52631FA1B00D32384 /* ScoreTableViewCell.swift */ = {isa = PBXFileReference; lastKnownFileType = sourcecode.swift; path = ScoreTableViewCell.swift; sourceTree = "<group>"; };
		99EF9428263C40FE002E1A71 /* StartGameCodeVC.swift */ = {isa = PBXFileReference; lastKnownFileType = sourcecode.swift; path = StartGameCodeVC.swift; sourceTree = "<group>"; };
		99FA6E27262DCA7E00E8FB9D /* GuessTheFlag.app */ = {isa = PBXFileReference; explicitFileType = wrapper.application; includeInIndex = 0; path = GuessTheFlag.app; sourceTree = BUILT_PRODUCTS_DIR; };
		99FA6E2A262DCA7E00E8FB9D /* AppDelegate.swift */ = {isa = PBXFileReference; lastKnownFileType = sourcecode.swift; path = AppDelegate.swift; sourceTree = "<group>"; };
		99FA6E2C262DCA7E00E8FB9D /* SceneDelegate.swift */ = {isa = PBXFileReference; lastKnownFileType = sourcecode.swift; path = SceneDelegate.swift; sourceTree = "<group>"; };
		99FA6E2E262DCA7E00E8FB9D /* StartGameVC.swift */ = {isa = PBXFileReference; lastKnownFileType = sourcecode.swift; path = StartGameVC.swift; sourceTree = "<group>"; };
		99FA6E31262DCA7E00E8FB9D /* Base */ = {isa = PBXFileReference; lastKnownFileType = file.storyboard; name = Base; path = Base.lproj/Main.storyboard; sourceTree = "<group>"; };
		99FA6E33262DCA7F00E8FB9D /* Assets.xcassets */ = {isa = PBXFileReference; lastKnownFileType = folder.assetcatalog; path = Assets.xcassets; sourceTree = "<group>"; };
		99FA6E36262DCA7F00E8FB9D /* Base */ = {isa = PBXFileReference; lastKnownFileType = file.storyboard; name = Base; path = Base.lproj/LaunchScreen.storyboard; sourceTree = "<group>"; };
		99FA6E38262DCA7F00E8FB9D /* Info.plist */ = {isa = PBXFileReference; lastKnownFileType = text.plist.xml; path = Info.plist; sourceTree = "<group>"; };
		99FA6E3D262DCA7F00E8FB9D /* GuessTheFlagTests.xctest */ = {isa = PBXFileReference; explicitFileType = wrapper.cfbundle; includeInIndex = 0; path = GuessTheFlagTests.xctest; sourceTree = BUILT_PRODUCTS_DIR; };
		99FA6E41262DCA7F00E8FB9D /* GuessTheFlagTests.swift */ = {isa = PBXFileReference; lastKnownFileType = sourcecode.swift; path = GuessTheFlagTests.swift; sourceTree = "<group>"; };
		99FA6E43262DCA7F00E8FB9D /* Info.plist */ = {isa = PBXFileReference; lastKnownFileType = text.plist.xml; path = Info.plist; sourceTree = "<group>"; };
		99FA6E48262DCA7F00E8FB9D /* GuessTheFlagUITests.xctest */ = {isa = PBXFileReference; explicitFileType = wrapper.cfbundle; includeInIndex = 0; path = GuessTheFlagUITests.xctest; sourceTree = BUILT_PRODUCTS_DIR; };
		99FA6E4C262DCA7F00E8FB9D /* GuessTheFlagUITests.swift */ = {isa = PBXFileReference; lastKnownFileType = sourcecode.swift; path = GuessTheFlagUITests.swift; sourceTree = "<group>"; };
		99FA6E4E262DCA7F00E8FB9D /* Info.plist */ = {isa = PBXFileReference; lastKnownFileType = text.plist.xml; path = Info.plist; sourceTree = "<group>"; };
/* End PBXFileReference section */

/* Begin PBXFrameworksBuildPhase section */
		99FA6E24262DCA7E00E8FB9D /* Frameworks */ = {
			isa = PBXFrameworksBuildPhase;
			buildActionMask = 2147483647;
			files = (
			);
			runOnlyForDeploymentPostprocessing = 0;
		};
		99FA6E3A262DCA7F00E8FB9D /* Frameworks */ = {
			isa = PBXFrameworksBuildPhase;
			buildActionMask = 2147483647;
			files = (
			);
			runOnlyForDeploymentPostprocessing = 0;
		};
		99FA6E45262DCA7F00E8FB9D /* Frameworks */ = {
			isa = PBXFrameworksBuildPhase;
			buildActionMask = 2147483647;
			files = (
			);
			runOnlyForDeploymentPostprocessing = 0;
		};
/* End PBXFrameworksBuildPhase section */

/* Begin PBXGroup section */
		9903720C2637908800B32A4C /* Model */ = {
			isa = PBXGroup;
			children = (
				9903720D263790B400B32A4C /* Round.swift */,
				99AE1A2326404F3D0048BE00 /* Scoreboard.swift */,
			);
			path = Model;
			sourceTree = "<group>";
		};
		99B3D67E2631E9E300D32384 /* Supporting Files */ = {
			isa = PBXGroup;
			children = (
				99FA6E2A262DCA7E00E8FB9D /* AppDelegate.swift */,
				99FA6E2C262DCA7E00E8FB9D /* SceneDelegate.swift */,
				99FA6E35262DCA7F00E8FB9D /* LaunchScreen.storyboard */,
			);
			path = "Supporting Files";
			sourceTree = "<group>";
		};
		99B3D67F2631EA5000D32384 /* Controller */ = {
			isa = PBXGroup;
			children = (
				99EF9428263C40FE002E1A71 /* StartGameCodeVC.swift */,
				99FA6E2E262DCA7E00E8FB9D /* StartGameVC.swift */,
				995D11DE263203890040D78C /* ScoreTableVC.swift */,
				995D11E9263203E30040D78C /* RoundVC.swift */,
				995D11EE26321F400040D78C /* ResultGameVC.swift */,
			);
			path = Controller;
			sourceTree = "<group>";
		};
		99B3D6E42631F9E900D32384 /* View */ = {
			isa = PBXGroup;
			children = (
				99B3D6E52631FA1B00D32384 /* ScoreTableViewCell.swift */,
			);
			path = View;
			sourceTree = "<group>";
		};
		99FA6E1E262DCA7E00E8FB9D = {
			isa = PBXGroup;
			children = (
				99FA6E29262DCA7E00E8FB9D /* GuessTheFlag */,
				99FA6E40262DCA7F00E8FB9D /* GuessTheFlagTests */,
				99FA6E4B262DCA7F00E8FB9D /* GuessTheFlagUITests */,
				99FA6E28262DCA7E00E8FB9D /* Products */,
			);
			sourceTree = "<group>";
		};
		99FA6E28262DCA7E00E8FB9D /* Products */ = {
			isa = PBXGroup;
			children = (
				99FA6E27262DCA7E00E8FB9D /* GuessTheFlag.app */,
				99FA6E3D262DCA7F00E8FB9D /* GuessTheFlagTests.xctest */,
				99FA6E48262DCA7F00E8FB9D /* GuessTheFlagUITests.xctest */,
			);
			name = Products;
			sourceTree = "<group>";
		};
		99FA6E29262DCA7E00E8FB9D /* GuessTheFlag */ = {
			isa = PBXGroup;
			children = (
				9903720C2637908800B32A4C /* Model */,
				99B3D6E42631F9E900D32384 /* View */,
				99B3D67F2631EA5000D32384 /* Controller */,
				99FA6E61262E3C6500E8FB9D /* Fonts */,
				99B3D67E2631E9E300D32384 /* Supporting Files */,
				99FA6E33262DCA7F00E8FB9D /* Assets.xcassets */,
				99FA6E30262DCA7E00E8FB9D /* Main.storyboard */,
				99037204263789DF00B32A4C /* database.json */,
				99FA6E38262DCA7F00E8FB9D /* Info.plist */,
			);
			path = GuessTheFlag;
			sourceTree = "<group>";
		};
		99FA6E40262DCA7F00E8FB9D /* GuessTheFlagTests */ = {
			isa = PBXGroup;
			children = (
				99FA6E41262DCA7F00E8FB9D /* GuessTheFlagTests.swift */,
				99FA6E43262DCA7F00E8FB9D /* Info.plist */,
			);
			path = GuessTheFlagTests;
			sourceTree = "<group>";
		};
		99FA6E4B262DCA7F00E8FB9D /* GuessTheFlagUITests */ = {
			isa = PBXGroup;
			children = (
				99FA6E4C262DCA7F00E8FB9D /* GuessTheFlagUITests.swift */,
				99FA6E4E262DCA7F00E8FB9D /* Info.plist */,
			);
			path = GuessTheFlagUITests;
			sourceTree = "<group>";
		};
		99FA6E61262E3C6500E8FB9D /* Fonts */ = {
			isa = PBXGroup;
			children = (
				995F1DB026331ACC00E2BB98 /* Roboto-Black.ttf */,
				995F1DB126331ACC00E2BB98 /* Roboto-BlackItalic.ttf */,
				995F1DAE26331ACC00E2BB98 /* Roboto-Bold.ttf */,
				995F1DAB26331ACC00E2BB98 /* Roboto-BoldItalic.ttf */,
				995F1DAD26331ACC00E2BB98 /* Roboto-Italic.ttf */,
				995F1DB226331ACC00E2BB98 /* Roboto-Light.ttf */,
				995F1DA326331ACC00E2BB98 /* Roboto-LightItalic.ttf */,
				995F1DA426331ACC00E2BB98 /* Roboto-Medium.ttf */,
				995F1DA626331ACC00E2BB98 /* Roboto-MediumItalic.ttf */,
				995F1DAC26331ACC00E2BB98 /* Roboto-Regular.ttf */,
				995F1DA526331ACC00E2BB98 /* Roboto-Thin.ttf */,
				995F1DB426331ACC00E2BB98 /* Roboto-ThinItalic.ttf */,
				995F1DAF26331ACC00E2BB98 /* RobotoCondensed-Bold.ttf */,
				995F1DA826331ACC00E2BB98 /* RobotoCondensed-BoldItalic.ttf */,
				995F1DB326331ACC00E2BB98 /* RobotoCondensed-Italic.ttf */,
				995F1DAA26331ACC00E2BB98 /* RobotoCondensed-Light.ttf */,
				995F1DA926331ACC00E2BB98 /* RobotoCondensed-LightItalic.ttf */,
				995F1DA726331ACC00E2BB98 /* RobotoCondensed-Regular.ttf */,
			);
			path = Fonts;
			sourceTree = "<group>";
		};
/* End PBXGroup section */

/* Begin PBXNativeTarget section */
		99FA6E26262DCA7E00E8FB9D /* GuessTheFlag */ = {
			isa = PBXNativeTarget;
			buildConfigurationList = 99FA6E51262DCA7F00E8FB9D /* Build configuration list for PBXNativeTarget "GuessTheFlag" */;
			buildPhases = (
				99FA6E23262DCA7E00E8FB9D /* Sources */,
				99FA6E24262DCA7E00E8FB9D /* Frameworks */,
				99FA6E25262DCA7E00E8FB9D /* Resources */,
			);
			buildRules = (
			);
			dependencies = (
			);
			name = GuessTheFlag;
			productName = GuessTheFlag;
			productReference = 99FA6E27262DCA7E00E8FB9D /* GuessTheFlag.app */;
			productType = "com.apple.product-type.application";
		};
		99FA6E3C262DCA7F00E8FB9D /* GuessTheFlagTests */ = {
			isa = PBXNativeTarget;
			buildConfigurationList = 99FA6E54262DCA7F00E8FB9D /* Build configuration list for PBXNativeTarget "GuessTheFlagTests" */;
			buildPhases = (
				99FA6E39262DCA7F00E8FB9D /* Sources */,
				99FA6E3A262DCA7F00E8FB9D /* Frameworks */,
				99FA6E3B262DCA7F00E8FB9D /* Resources */,
			);
			buildRules = (
			);
			dependencies = (
				99FA6E3F262DCA7F00E8FB9D /* PBXTargetDependency */,
			);
			name = GuessTheFlagTests;
			productName = GuessTheFlagTests;
			productReference = 99FA6E3D262DCA7F00E8FB9D /* GuessTheFlagTests.xctest */;
			productType = "com.apple.product-type.bundle.unit-test";
		};
		99FA6E47262DCA7F00E8FB9D /* GuessTheFlagUITests */ = {
			isa = PBXNativeTarget;
			buildConfigurationList = 99FA6E57262DCA7F00E8FB9D /* Build configuration list for PBXNativeTarget "GuessTheFlagUITests" */;
			buildPhases = (
				99FA6E44262DCA7F00E8FB9D /* Sources */,
				99FA6E45262DCA7F00E8FB9D /* Frameworks */,
				99FA6E46262DCA7F00E8FB9D /* Resources */,
			);
			buildRules = (
			);
			dependencies = (
				99FA6E4A262DCA7F00E8FB9D /* PBXTargetDependency */,
			);
			name = GuessTheFlagUITests;
			productName = GuessTheFlagUITests;
			productReference = 99FA6E48262DCA7F00E8FB9D /* GuessTheFlagUITests.xctest */;
			productType = "com.apple.product-type.bundle.ui-testing";
		};
/* End PBXNativeTarget section */

/* Begin PBXProject section */
		99FA6E1F262DCA7E00E8FB9D /* Project object */ = {
			isa = PBXProject;
			attributes = {
				LastSwiftUpdateCheck = 1240;
				LastUpgradeCheck = 1240;
				TargetAttributes = {
					99FA6E26262DCA7E00E8FB9D = {
						CreatedOnToolsVersion = 12.4;
					};
					99FA6E3C262DCA7F00E8FB9D = {
						CreatedOnToolsVersion = 12.4;
						TestTargetID = 99FA6E26262DCA7E00E8FB9D;
					};
					99FA6E47262DCA7F00E8FB9D = {
						CreatedOnToolsVersion = 12.4;
						TestTargetID = 99FA6E26262DCA7E00E8FB9D;
					};
				};
			};
			buildConfigurationList = 99FA6E22262DCA7E00E8FB9D /* Build configuration list for PBXProject "GuessTheFlag" */;
			compatibilityVersion = "Xcode 9.3";
			developmentRegion = en;
			hasScannedForEncodings = 0;
			knownRegions = (
				en,
				Base,
			);
			mainGroup = 99FA6E1E262DCA7E00E8FB9D;
			productRefGroup = 99FA6E28262DCA7E00E8FB9D /* Products */;
			projectDirPath = "";
			projectRoot = "";
			targets = (
				99FA6E26262DCA7E00E8FB9D /* GuessTheFlag */,
				99FA6E3C262DCA7F00E8FB9D /* GuessTheFlagTests */,
				99FA6E47262DCA7F00E8FB9D /* GuessTheFlagUITests */,
			);
		};
/* End PBXProject section */

/* Begin PBXResourcesBuildPhase section */
		99FA6E25262DCA7E00E8FB9D /* Resources */ = {
			isa = PBXResourcesBuildPhase;
			buildActionMask = 2147483647;
			files = (
				995F1DB626331ACC00E2BB98 /* Roboto-Medium.ttf in Resources */,
				99FA6E37262DCA7F00E8FB9D /* LaunchScreen.storyboard in Resources */,
				995F1DC026331ACC00E2BB98 /* Roboto-Bold.ttf in Resources */,
				995F1DC626331ACC00E2BB98 /* Roboto-ThinItalic.ttf in Resources */,
				995F1DBB26331ACC00E2BB98 /* RobotoCondensed-LightItalic.ttf in Resources */,
				995F1DBA26331ACC00E2BB98 /* RobotoCondensed-BoldItalic.ttf in Resources */,
				995F1DC226331ACC00E2BB98 /* Roboto-Black.ttf in Resources */,
				995F1DB726331ACC00E2BB98 /* Roboto-Thin.ttf in Resources */,
				99FA6E34262DCA7F00E8FB9D /* Assets.xcassets in Resources */,
				995F1DBD26331ACC00E2BB98 /* Roboto-BoldItalic.ttf in Resources */,
				995F1DC526331ACC00E2BB98 /* RobotoCondensed-Italic.ttf in Resources */,
				995F1DB826331ACC00E2BB98 /* Roboto-MediumItalic.ttf in Resources */,
				995F1DC426331ACC00E2BB98 /* Roboto-Light.ttf in Resources */,
				995F1DB526331ACC00E2BB98 /* Roboto-LightItalic.ttf in Resources */,
				995F1DC126331ACC00E2BB98 /* RobotoCondensed-Bold.ttf in Resources */,
				995F1DBC26331ACC00E2BB98 /* RobotoCondensed-Light.ttf in Resources */,
				995F1DC326331ACC00E2BB98 /* Roboto-BlackItalic.ttf in Resources */,
				995F1DBE26331ACC00E2BB98 /* Roboto-Regular.ttf in Resources */,
				995F1DBF26331ACC00E2BB98 /* Roboto-Italic.ttf in Resources */,
				995F1DB926331ACC00E2BB98 /* RobotoCondensed-Regular.ttf in Resources */,
				99037205263789DF00B32A4C /* database.json in Resources */,
				99FA6E32262DCA7E00E8FB9D /* Main.storyboard in Resources */,
			);
			runOnlyForDeploymentPostprocessing = 0;
		};
		99FA6E3B262DCA7F00E8FB9D /* Resources */ = {
			isa = PBXResourcesBuildPhase;
			buildActionMask = 2147483647;
			files = (
			);
			runOnlyForDeploymentPostprocessing = 0;
		};
		99FA6E46262DCA7F00E8FB9D /* Resources */ = {
			isa = PBXResourcesBuildPhase;
			buildActionMask = 2147483647;
			files = (
			);
			runOnlyForDeploymentPostprocessing = 0;
		};
/* End PBXResourcesBuildPhase section */

/* Begin PBXSourcesBuildPhase section */
		99FA6E23262DCA7E00E8FB9D /* Sources */ = {
			isa = PBXSourcesBuildPhase;
			buildActionMask = 2147483647;
			files = (
				99FA6E2F262DCA7E00E8FB9D /* StartGameVC.swift in Sources */,
				99EF9429263C40FE002E1A71 /* StartGameCodeVC.swift in Sources */,
				995D11DF263203890040D78C /* ScoreTableVC.swift in Sources */,
				99AE1A2426404F3D0048BE00 /* Scoreboard.swift in Sources */,
				99FA6E2B262DCA7E00E8FB9D /* AppDelegate.swift in Sources */,
				995D11EA263203E30040D78C /* RoundVC.swift in Sources */,
				99B3D6E62631FA1B00D32384 /* ScoreTableViewCell.swift in Sources */,
				99FA6E2D262DCA7E00E8FB9D /* SceneDelegate.swift in Sources */,
				9903720E263790B400B32A4C /* Round.swift in Sources */,
				995D11EF26321F400040D78C /* ResultGameVC.swift in Sources */,
			);
			runOnlyForDeploymentPostprocessing = 0;
		};
		99FA6E39262DCA7F00E8FB9D /* Sources */ = {
			isa = PBXSourcesBuildPhase;
			buildActionMask = 2147483647;
			files = (
				99B3D6E72631FA1B00D32384 /* ScoreTableViewCell.swift in Sources */,
				99FA6E42262DCA7F00E8FB9D /* GuessTheFlagTests.swift in Sources */,
			);
			runOnlyForDeploymentPostprocessing = 0;
		};
		99FA6E44262DCA7F00E8FB9D /* Sources */ = {
			isa = PBXSourcesBuildPhase;
			buildActionMask = 2147483647;
			files = (
				99B3D6E82631FA1B00D32384 /* ScoreTableViewCell.swift in Sources */,
				99FA6E4D262DCA7F00E8FB9D /* GuessTheFlagUITests.swift in Sources */,
			);
			runOnlyForDeploymentPostprocessing = 0;
		};
/* End PBXSourcesBuildPhase section */

/* Begin PBXTargetDependency section */
		99FA6E3F262DCA7F00E8FB9D /* PBXTargetDependency */ = {
			isa = PBXTargetDependency;
			target = 99FA6E26262DCA7E00E8FB9D /* GuessTheFlag */;
			targetProxy = 99FA6E3E262DCA7F00E8FB9D /* PBXContainerItemProxy */;
		};
		99FA6E4A262DCA7F00E8FB9D /* PBXTargetDependency */ = {
			isa = PBXTargetDependency;
			target = 99FA6E26262DCA7E00E8FB9D /* GuessTheFlag */;
			targetProxy = 99FA6E49262DCA7F00E8FB9D /* PBXContainerItemProxy */;
		};
/* End PBXTargetDependency section */

/* Begin PBXVariantGroup section */
		99FA6E30262DCA7E00E8FB9D /* Main.storyboard */ = {
			isa = PBXVariantGroup;
			children = (
				99FA6E31262DCA7E00E8FB9D /* Base */,
			);
			name = Main.storyboard;
			sourceTree = "<group>";
		};
		99FA6E35262DCA7F00E8FB9D /* LaunchScreen.storyboard */ = {
			isa = PBXVariantGroup;
			children = (
				99FA6E36262DCA7F00E8FB9D /* Base */,
			);
			name = LaunchScreen.storyboard;
			sourceTree = "<group>";
		};
/* End PBXVariantGroup section */

/* Begin XCBuildConfiguration section */
		99FA6E4F262DCA7F00E8FB9D /* Debug */ = {
			isa = XCBuildConfiguration;
			buildSettings = {
				ALWAYS_SEARCH_USER_PATHS = NO;
				CLANG_ANALYZER_NONNULL = YES;
				CLANG_ANALYZER_NUMBER_OBJECT_CONVERSION = YES_AGGRESSIVE;
				CLANG_CXX_LANGUAGE_STANDARD = "gnu++14";
				CLANG_CXX_LIBRARY = "libc++";
				CLANG_ENABLE_MODULES = YES;
				CLANG_ENABLE_OBJC_ARC = YES;
				CLANG_ENABLE_OBJC_WEAK = YES;
				CLANG_WARN_BLOCK_CAPTURE_AUTORELEASING = YES;
				CLANG_WARN_BOOL_CONVERSION = YES;
				CLANG_WARN_COMMA = YES;
				CLANG_WARN_CONSTANT_CONVERSION = YES;
				CLANG_WARN_DEPRECATED_OBJC_IMPLEMENTATIONS = YES;
				CLANG_WARN_DIRECT_OBJC_ISA_USAGE = YES_ERROR;
				CLANG_WARN_DOCUMENTATION_COMMENTS = YES;
				CLANG_WARN_EMPTY_BODY = YES;
				CLANG_WARN_ENUM_CONVERSION = YES;
				CLANG_WARN_INFINITE_RECURSION = YES;
				CLANG_WARN_INT_CONVERSION = YES;
				CLANG_WARN_NON_LITERAL_NULL_CONVERSION = YES;
				CLANG_WARN_OBJC_IMPLICIT_RETAIN_SELF = YES;
				CLANG_WARN_OBJC_LITERAL_CONVERSION = YES;
				CLANG_WARN_OBJC_ROOT_CLASS = YES_ERROR;
				CLANG_WARN_QUOTED_INCLUDE_IN_FRAMEWORK_HEADER = YES;
				CLANG_WARN_RANGE_LOOP_ANALYSIS = YES;
				CLANG_WARN_STRICT_PROTOTYPES = YES;
				CLANG_WARN_SUSPICIOUS_MOVE = YES;
				CLANG_WARN_UNGUARDED_AVAILABILITY = YES_AGGRESSIVE;
				CLANG_WARN_UNREACHABLE_CODE = YES;
				CLANG_WARN__DUPLICATE_METHOD_MATCH = YES;
				COPY_PHASE_STRIP = NO;
				DEBUG_INFORMATION_FORMAT = dwarf;
				ENABLE_STRICT_OBJC_MSGSEND = YES;
				ENABLE_TESTABILITY = YES;
				GCC_C_LANGUAGE_STANDARD = gnu11;
				GCC_DYNAMIC_NO_PIC = NO;
				GCC_NO_COMMON_BLOCKS = YES;
				GCC_OPTIMIZATION_LEVEL = 0;
				GCC_PREPROCESSOR_DEFINITIONS = (
					"DEBUG=1",
					"$(inherited)",
				);
				GCC_WARN_64_TO_32_BIT_CONVERSION = YES;
				GCC_WARN_ABOUT_RETURN_TYPE = YES_ERROR;
				GCC_WARN_UNDECLARED_SELECTOR = YES;
				GCC_WARN_UNINITIALIZED_AUTOS = YES_AGGRESSIVE;
				GCC_WARN_UNUSED_FUNCTION = YES;
				GCC_WARN_UNUSED_VARIABLE = YES;
				IPHONEOS_DEPLOYMENT_TARGET = 14.4;
				MTL_ENABLE_DEBUG_INFO = INCLUDE_SOURCE;
				MTL_FAST_MATH = YES;
				ONLY_ACTIVE_ARCH = YES;
				SDKROOT = iphoneos;
				SWIFT_ACTIVE_COMPILATION_CONDITIONS = DEBUG;
				SWIFT_OPTIMIZATION_LEVEL = "-Onone";
			};
			name = Debug;
		};
		99FA6E50262DCA7F00E8FB9D /* Release */ = {
			isa = XCBuildConfiguration;
			buildSettings = {
				ALWAYS_SEARCH_USER_PATHS = NO;
				CLANG_ANALYZER_NONNULL = YES;
				CLANG_ANALYZER_NUMBER_OBJECT_CONVERSION = YES_AGGRESSIVE;
				CLANG_CXX_LANGUAGE_STANDARD = "gnu++14";
				CLANG_CXX_LIBRARY = "libc++";
				CLANG_ENABLE_MODULES = YES;
				CLANG_ENABLE_OBJC_ARC = YES;
				CLANG_ENABLE_OBJC_WEAK = YES;
				CLANG_WARN_BLOCK_CAPTURE_AUTORELEASING = YES;
				CLANG_WARN_BOOL_CONVERSION = YES;
				CLANG_WARN_COMMA = YES;
				CLANG_WARN_CONSTANT_CONVERSION = YES;
				CLANG_WARN_DEPRECATED_OBJC_IMPLEMENTATIONS = YES;
				CLANG_WARN_DIRECT_OBJC_ISA_USAGE = YES_ERROR;
				CLANG_WARN_DOCUMENTATION_COMMENTS = YES;
				CLANG_WARN_EMPTY_BODY = YES;
				CLANG_WARN_ENUM_CONVERSION = YES;
				CLANG_WARN_INFINITE_RECURSION = YES;
				CLANG_WARN_INT_CONVERSION = YES;
				CLANG_WARN_NON_LITERAL_NULL_CONVERSION = YES;
				CLANG_WARN_OBJC_IMPLICIT_RETAIN_SELF = YES;
				CLANG_WARN_OBJC_LITERAL_CONVERSION = YES;
				CLANG_WARN_OBJC_ROOT_CLASS = YES_ERROR;
				CLANG_WARN_QUOTED_INCLUDE_IN_FRAMEWORK_HEADER = YES;
				CLANG_WARN_RANGE_LOOP_ANALYSIS = YES;
				CLANG_WARN_STRICT_PROTOTYPES = YES;
				CLANG_WARN_SUSPICIOUS_MOVE = YES;
				CLANG_WARN_UNGUARDED_AVAILABILITY = YES_AGGRESSIVE;
				CLANG_WARN_UNREACHABLE_CODE = YES;
				CLANG_WARN__DUPLICATE_METHOD_MATCH = YES;
				COPY_PHASE_STRIP = NO;
				DEBUG_INFORMATION_FORMAT = "dwarf-with-dsym";
				ENABLE_NS_ASSERTIONS = NO;
				ENABLE_STRICT_OBJC_MSGSEND = YES;
				GCC_C_LANGUAGE_STANDARD = gnu11;
				GCC_NO_COMMON_BLOCKS = YES;
				GCC_WARN_64_TO_32_BIT_CONVERSION = YES;
				GCC_WARN_ABOUT_RETURN_TYPE = YES_ERROR;
				GCC_WARN_UNDECLARED_SELECTOR = YES;
				GCC_WARN_UNINITIALIZED_AUTOS = YES_AGGRESSIVE;
				GCC_WARN_UNUSED_FUNCTION = YES;
				GCC_WARN_UNUSED_VARIABLE = YES;
				IPHONEOS_DEPLOYMENT_TARGET = 14.4;
				MTL_ENABLE_DEBUG_INFO = NO;
				MTL_FAST_MATH = YES;
				SDKROOT = iphoneos;
				SWIFT_COMPILATION_MODE = wholemodule;
				SWIFT_OPTIMIZATION_LEVEL = "-O";
				VALIDATE_PRODUCT = YES;
			};
			name = Release;
		};
		99FA6E52262DCA7F00E8FB9D /* Debug */ = {
			isa = XCBuildConfiguration;
			buildSettings = {
				ASSETCATALOG_COMPILER_APPICON_NAME = AppIcon;
				ASSETCATALOG_COMPILER_GLOBAL_ACCENT_COLOR_NAME = AccentColor;
				CODE_SIGN_STYLE = Automatic;
				DEVELOPMENT_TEAM = K4939JV3B5;
				INFOPLIST_FILE = GuessTheFlag/Info.plist;
				LD_RUNPATH_SEARCH_PATHS = (
					"$(inherited)",
					"@executable_path/Frameworks",
				);
				PRODUCT_BUNDLE_IDENTIFIER = michel.GuessTheFlag;
				PRODUCT_NAME = "$(TARGET_NAME)";
				SWIFT_VERSION = 5.0;
				TARGETED_DEVICE_FAMILY = "1,2";
			};
			name = Debug;
		};
		99FA6E53262DCA7F00E8FB9D /* Release */ = {
			isa = XCBuildConfiguration;
			buildSettings = {
				ASSETCATALOG_COMPILER_APPICON_NAME = AppIcon;
				ASSETCATALOG_COMPILER_GLOBAL_ACCENT_COLOR_NAME = AccentColor;
				CODE_SIGN_STYLE = Automatic;
				DEVELOPMENT_TEAM = K4939JV3B5;
				INFOPLIST_FILE = GuessTheFlag/Info.plist;
				LD_RUNPATH_SEARCH_PATHS = (
					"$(inherited)",
					"@executable_path/Frameworks",
				);
				PRODUCT_BUNDLE_IDENTIFIER = michel.GuessTheFlag;
				PRODUCT_NAME = "$(TARGET_NAME)";
				SWIFT_VERSION = 5.0;
				TARGETED_DEVICE_FAMILY = "1,2";
			};
			name = Release;
		};
		99FA6E55262DCA7F00E8FB9D /* Debug */ = {
			isa = XCBuildConfiguration;
			buildSettings = {
				ALWAYS_EMBED_SWIFT_STANDARD_LIBRARIES = YES;
				BUNDLE_LOADER = "$(TEST_HOST)";
				CODE_SIGN_STYLE = Automatic;
				DEVELOPMENT_TEAM = K4939JV3B5;
				INFOPLIST_FILE = GuessTheFlagTests/Info.plist;
				IPHONEOS_DEPLOYMENT_TARGET = 14.4;
				LD_RUNPATH_SEARCH_PATHS = (
					"$(inherited)",
					"@executable_path/Frameworks",
					"@loader_path/Frameworks",
				);
				PRODUCT_BUNDLE_IDENTIFIER = michel.GuessTheFlagTests;
				PRODUCT_NAME = "$(TARGET_NAME)";
				SWIFT_VERSION = 5.0;
				TARGETED_DEVICE_FAMILY = "1,2";
				TEST_HOST = "$(BUILT_PRODUCTS_DIR)/GuessTheFlag.app/GuessTheFlag";
			};
			name = Debug;
		};
		99FA6E56262DCA7F00E8FB9D /* Release */ = {
			isa = XCBuildConfiguration;
			buildSettings = {
				ALWAYS_EMBED_SWIFT_STANDARD_LIBRARIES = YES;
				BUNDLE_LOADER = "$(TEST_HOST)";
				CODE_SIGN_STYLE = Automatic;
				DEVELOPMENT_TEAM = K4939JV3B5;
				INFOPLIST_FILE = GuessTheFlagTests/Info.plist;
				IPHONEOS_DEPLOYMENT_TARGET = 14.4;
				LD_RUNPATH_SEARCH_PATHS = (
					"$(inherited)",
					"@executable_path/Frameworks",
					"@loader_path/Frameworks",
				);
				PRODUCT_BUNDLE_IDENTIFIER = michel.GuessTheFlagTests;
				PRODUCT_NAME = "$(TARGET_NAME)";
				SWIFT_VERSION = 5.0;
				TARGETED_DEVICE_FAMILY = "1,2";
				TEST_HOST = "$(BUILT_PRODUCTS_DIR)/GuessTheFlag.app/GuessTheFlag";
			};
			name = Release;
		};
		99FA6E58262DCA7F00E8FB9D /* Debug */ = {
			isa = XCBuildConfiguration;
			buildSettings = {
				ALWAYS_EMBED_SWIFT_STANDARD_LIBRARIES = YES;
				CODE_SIGN_STYLE = Automatic;
				DEVELOPMENT_TEAM = K4939JV3B5;
				INFOPLIST_FILE = GuessTheFlagUITests/Info.plist;
				LD_RUNPATH_SEARCH_PATHS = (
					"$(inherited)",
					"@executable_path/Frameworks",
					"@loader_path/Frameworks",
				);
				PRODUCT_BUNDLE_IDENTIFIER = michel.GuessTheFlagUITests;
				PRODUCT_NAME = "$(TARGET_NAME)";
				SWIFT_VERSION = 5.0;
				TARGETED_DEVICE_FAMILY = "1,2";
				TEST_TARGET_NAME = GuessTheFlag;
			};
			name = Debug;
		};
		99FA6E59262DCA7F00E8FB9D /* Release */ = {
			isa = XCBuildConfiguration;
			buildSettings = {
				ALWAYS_EMBED_SWIFT_STANDARD_LIBRARIES = YES;
				CODE_SIGN_STYLE = Automatic;
				DEVELOPMENT_TEAM = K4939JV3B5;
				INFOPLIST_FILE = GuessTheFlagUITests/Info.plist;
				LD_RUNPATH_SEARCH_PATHS = (
					"$(inherited)",
					"@executable_path/Frameworks",
					"@loader_path/Frameworks",
				);
				PRODUCT_BUNDLE_IDENTIFIER = michel.GuessTheFlagUITests;
				PRODUCT_NAME = "$(TARGET_NAME)";
				SWIFT_VERSION = 5.0;
				TARGETED_DEVICE_FAMILY = "1,2";
				TEST_TARGET_NAME = GuessTheFlag;
			};
			name = Release;
		};
/* End XCBuildConfiguration section */

/* Begin XCConfigurationList section */
		99FA6E22262DCA7E00E8FB9D /* Build configuration list for PBXProject "GuessTheFlag" */ = {
			isa = XCConfigurationList;
			buildConfigurations = (
				99FA6E4F262DCA7F00E8FB9D /* Debug */,
				99FA6E50262DCA7F00E8FB9D /* Release */,
			);
			defaultConfigurationIsVisible = 0;
			defaultConfigurationName = Release;
		};
		99FA6E51262DCA7F00E8FB9D /* Build configuration list for PBXNativeTarget "GuessTheFlag" */ = {
			isa = XCConfigurationList;
			buildConfigurations = (
				99FA6E52262DCA7F00E8FB9D /* Debug */,
				99FA6E53262DCA7F00E8FB9D /* Release */,
			);
			defaultConfigurationIsVisible = 0;
			defaultConfigurationName = Release;
		};
		99FA6E54262DCA7F00E8FB9D /* Build configuration list for PBXNativeTarget "GuessTheFlagTests" */ = {
			isa = XCConfigurationList;
			buildConfigurations = (
				99FA6E55262DCA7F00E8FB9D /* Debug */,
				99FA6E56262DCA7F00E8FB9D /* Release */,
			);
			defaultConfigurationIsVisible = 0;
			defaultConfigurationName = Release;
		};
		99FA6E57262DCA7F00E8FB9D /* Build configuration list for PBXNativeTarget "GuessTheFlagUITests" */ = {
			isa = XCConfigurationList;
			buildConfigurations = (
				99FA6E58262DCA7F00E8FB9D /* Debug */,
				99FA6E59262DCA7F00E8FB9D /* Release */,
			);
			defaultConfigurationIsVisible = 0;
			defaultConfigurationName = Release;
		};
/* End XCConfigurationList section */
	};
	rootObject = 99FA6E1F262DCA7E00E8FB9D /* Project object */;
}
